# THIS IS AN AUTOGENERATED FILE. DO NOT EDIT THIS FILE DIRECTLY.
# yarn lockfile v1


"@azure/msal-common@^5.2.0":
  version "5.2.0"
  resolved "https://registry.npmjs.org/@azure/msal-common/-/msal-common-5.2.0.tgz"
  dependencies:
    debug "^4.1.1"

"@azure/msal-node@^1.1.0":
  version "1.4.0"
  resolved "https://registry.npmjs.org/@azure/msal-node/-/msal-node-1.4.0.tgz"
  dependencies:
    "@azure/msal-common" "^5.2.0"
    axios "^0.21.4"
    jsonwebtoken "^8.5.1"
    uuid "^8.3.0"

"@nxg-org/mineflayer-util-plugin@^1.3.11":
  version "1.3.11"
  resolved "https://registry.npmjs.org/@nxg-org/mineflayer-util-plugin/-/mineflayer-util-plugin-1.3.11.tgz"
  dependencies:
    minecraft-data "^2.97.0"
    mineflayer "^3.11.2"
    mineflayer-pathfinder "^1.8.0"
    prismarine-block "^1.10.3"
    prismarine-entity "^1.2.0"
    prismarine-item "^1.11.1"
    vec3 "^0.1.7"

"@types/body-parser@*":
  version "1.19.2"
  resolved "https://registry.npmjs.org/@types/body-parser/-/body-parser-1.19.2.tgz"
  dependencies:
    "@types/connect" "*"
    "@types/node" "*"

"@types/component-emitter@^1.2.10":
  version "1.2.11"
  resolved "https://registry.npmjs.org/@types/component-emitter/-/component-emitter-1.2.11.tgz"

"@types/connect@*":
  version "3.4.35"
  resolved "https://registry.npmjs.org/@types/connect/-/connect-3.4.35.tgz"
  dependencies:
    "@types/node" "*"

"@types/cookie@^0.4.0":
  version "0.4.1"
  resolved "https://registry.npmjs.org/@types/cookie/-/cookie-0.4.1.tgz"

"@types/cors@^2.8.8":
  version "2.8.12"
  resolved "https://registry.npmjs.org/@types/cors/-/cors-2.8.12.tgz"

"@types/express-serve-static-core@^4.17.18":
  version "4.17.27"
  resolved "https://registry.npmjs.org/@types/express-serve-static-core/-/express-serve-static-core-4.17.27.tgz"
  dependencies:
    "@types/node" "*"
    "@types/qs" "*"
    "@types/range-parser" "*"

"@types/express@^4.17.13":
  version "4.17.13"
  resolved "https://registry.npmjs.org/@types/express/-/express-4.17.13.tgz"
  dependencies:
    "@types/body-parser" "*"
    "@types/express-serve-static-core" "^4.17.18"
    "@types/qs" "*"
    "@types/serve-static" "*"

"@types/mime@^1":
  version "1.3.2"
  resolved "https://registry.npmjs.org/@types/mime/-/mime-1.3.2.tgz"

"@types/node@*", "@types/node@>=10.0.0", "@types/node@^17.0.27":
  version "17.0.27"
  resolved "https://registry.yarnpkg.com/@types/node/-/node-17.0.27.tgz#f4df3981ae8268c066e8f49995639f855469081e"

"@types/qs@*":
  version "6.9.7"
  resolved "https://registry.npmjs.org/@types/qs/-/qs-6.9.7.tgz"

"@types/range-parser@*":
  version "1.2.4"
  resolved "https://registry.npmjs.org/@types/range-parser/-/range-parser-1.2.4.tgz"

"@types/serve-static@*":
  version "1.13.10"
  resolved "https://registry.npmjs.org/@types/serve-static/-/serve-static-1.13.10.tgz"
  dependencies:
    "@types/mime" "^1"
    "@types/node" "*"

"@xboxreplay/errors@^0.1.0":
  version "0.1.0"
  resolved "https://registry.npmjs.org/@xboxreplay/errors/-/errors-0.1.0.tgz"

"@xboxreplay/xboxlive-auth@^3.3.3":
  version "3.3.3"
  resolved "https://registry.npmjs.org/@xboxreplay/xboxlive-auth/-/xboxlive-auth-3.3.3.tgz"
  dependencies:
    "@xboxreplay/errors" "^0.1.0"
    axios "^0.21.1"

accepts@~1.3.4, accepts@~1.3.7:
  version "1.3.7"
  resolved "https://registry.npmjs.org/accepts/-/accepts-1.3.7.tgz"
  dependencies:
    mime-types "~2.1.24"
    negotiator "0.6.2"

aes-js@^3.1.2:
  version "3.1.2"
  resolved "https://registry.npmjs.org/aes-js/-/aes-js-3.1.2.tgz"

ajv@^6.5.4:
  version "6.12.6"
  resolved "https://registry.npmjs.org/ajv/-/ajv-6.12.6.tgz"
  dependencies:
    fast-deep-equal "^3.1.1"
    fast-json-stable-stringify "^2.0.0"
    json-schema-traverse "^0.4.1"
    uri-js "^4.2.2"

array-flatten@1.1.1:
  version "1.1.1"
  resolved "https://registry.npmjs.org/array-flatten/-/array-flatten-1.1.1.tgz"

asn1@0.2.3:
  version "0.2.3"
  resolved "https://registry.npmjs.org/asn1/-/asn1-0.2.3.tgz"

axios@^0.21.1, axios@^0.21.4:
  version "0.21.4"
  resolved "https://registry.npmjs.org/axios/-/axios-0.21.4.tgz"
  dependencies:
    follow-redirects "^1.14.0"

base64-arraybuffer@0.1.4:
  version "0.1.4"
  resolved "https://registry.npmjs.org/base64-arraybuffer/-/base64-arraybuffer-0.1.4.tgz"

base64id@2.0.0, base64id@~2.0.0:
  version "2.0.0"
  resolved "https://registry.npmjs.org/base64id/-/base64id-2.0.0.tgz"

body-parser@1.19.1:
  version "1.19.1"
  resolved "https://registry.npmjs.org/body-parser/-/body-parser-1.19.1.tgz"
  dependencies:
    bytes "3.1.1"
    content-type "~1.0.4"
    debug "2.6.9"
    depd "~1.1.2"
    http-errors "1.8.1"
    iconv-lite "0.4.24"
    on-finished "~2.3.0"
    qs "6.9.6"
    raw-body "2.4.2"
    type-is "~1.6.18"

buffer-equal-constant-time@1.0.1:
  version "1.0.1"
  resolved "https://registry.npmjs.org/buffer-equal-constant-time/-/buffer-equal-constant-time-1.0.1.tgz"

buffer-equal@^1.0.0:
  version "1.0.0"
  resolved "https://registry.npmjs.org/buffer-equal/-/buffer-equal-1.0.0.tgz"

bytes@3.1.1:
  version "3.1.1"
  resolved "https://registry.npmjs.org/bytes/-/bytes-3.1.1.tgz"

commander@^2.19.0:
  version "2.20.3"
  resolved "https://registry.npmjs.org/commander/-/commander-2.20.3.tgz"

component-emitter@~1.3.0:
  version "1.3.0"
  resolved "https://registry.npmjs.org/component-emitter/-/component-emitter-1.3.0.tgz"

content-disposition@0.5.4:
  version "0.5.4"
  resolved "https://registry.npmjs.org/content-disposition/-/content-disposition-0.5.4.tgz"
  dependencies:
    safe-buffer "5.2.1"

content-type@~1.0.4:
  version "1.0.4"
  resolved "https://registry.npmjs.org/content-type/-/content-type-1.0.4.tgz"

cookie-signature@1.0.6:
  version "1.0.6"
  resolved "https://registry.npmjs.org/cookie-signature/-/cookie-signature-1.0.6.tgz"

cookie@0.4.1, cookie@~0.4.1:
  version "0.4.1"
  resolved "https://registry.npmjs.org/cookie/-/cookie-0.4.1.tgz"

cors@~2.8.5:
  version "2.8.5"
  resolved "https://registry.npmjs.org/cors/-/cors-2.8.5.tgz"
  dependencies:
    object-assign "^4"
    vary "^1"

debug@2.6.9:
  version "2.6.9"
  resolved "https://registry.npmjs.org/debug/-/debug-2.6.9.tgz"
  dependencies:
    ms "2.0.0"

debug@^4.1.1, debug@^4.3.2, debug@~4.3.1:
  version "4.3.3"
  resolved "https://registry.npmjs.org/debug/-/debug-4.3.3.tgz"
  dependencies:
    ms "2.1.2"

depd@~1.1.2:
  version "1.1.2"
  resolved "https://registry.npmjs.org/depd/-/depd-1.1.2.tgz"

destroy@~1.0.4:
  version "1.0.4"
  resolved "https://registry.npmjs.org/destroy/-/destroy-1.0.4.tgz"

discontinuous-range@1.0.0:
  version "1.0.0"
  resolved "https://registry.npmjs.org/discontinuous-range/-/discontinuous-range-1.0.0.tgz"

ecdsa-sig-formatter@1.0.11:
  version "1.0.11"
  resolved "https://registry.npmjs.org/ecdsa-sig-formatter/-/ecdsa-sig-formatter-1.0.11.tgz"
  dependencies:
    safe-buffer "^5.0.1"

ee-first@1.1.1:
  version "1.1.1"
  resolved "https://registry.npmjs.org/ee-first/-/ee-first-1.1.1.tgz"

encodeurl@~1.0.2:
  version "1.0.2"
  resolved "https://registry.npmjs.org/encodeurl/-/encodeurl-1.0.2.tgz"

endian-toggle@^0.0.0:
  version "0.0.0"
  resolved "https://registry.npmjs.org/endian-toggle/-/endian-toggle-0.0.0.tgz"

engine.io-parser@~4.0.0:
  version "4.0.3"
  resolved "https://registry.npmjs.org/engine.io-parser/-/engine.io-parser-4.0.3.tgz"
  dependencies:
    base64-arraybuffer "0.1.4"

engine.io@~4.1.0:
  version "4.1.1"
  resolved "https://registry.npmjs.org/engine.io/-/engine.io-4.1.1.tgz"
  dependencies:
    accepts "~1.3.4"
    base64id "2.0.0"
    cookie "~0.4.1"
    cors "~2.8.5"
    debug "~4.3.1"
    engine.io-parser "~4.0.0"
    ws "~7.4.2"

escape-html@~1.0.3:
  version "1.0.3"
  resolved "https://registry.npmjs.org/escape-html/-/escape-html-1.0.3.tgz"

etag@~1.8.1:
  version "1.8.1"
  resolved "https://registry.npmjs.org/etag/-/etag-1.8.1.tgz"

express@^4.17.1, express@^4.17.2:
  version "4.17.2"
  resolved "https://registry.npmjs.org/express/-/express-4.17.2.tgz"
  dependencies:
    accepts "~1.3.7"
    array-flatten "1.1.1"
    body-parser "1.19.1"
    content-disposition "0.5.4"
    content-type "~1.0.4"
    cookie "0.4.1"
    cookie-signature "1.0.6"
    debug "2.6.9"
    depd "~1.1.2"
    encodeurl "~1.0.2"
    escape-html "~1.0.3"
    etag "~1.8.1"
    finalhandler "~1.1.2"
    fresh "0.5.2"
    merge-descriptors "1.0.1"
    methods "~1.1.2"
    on-finished "~2.3.0"
    parseurl "~1.3.3"
    path-to-regexp "0.1.7"
    proxy-addr "~2.0.7"
    qs "6.9.6"
    range-parser "~1.2.1"
    safe-buffer "5.2.1"
    send "0.17.2"
    serve-static "1.14.2"
    setprototypeof "1.2.0"
    statuses "~1.5.0"
    type-is "~1.6.18"
    utils-merge "1.0.1"
    vary "~1.1.2"

fast-deep-equal@^3.1.1:
  version "3.1.3"
  resolved "https://registry.npmjs.org/fast-deep-equal/-/fast-deep-equal-3.1.3.tgz"

fast-json-stable-stringify@^2.0.0:
  version "2.1.0"
  resolved "https://registry.npmjs.org/fast-json-stable-stringify/-/fast-json-stable-stringify-2.1.0.tgz"

finalhandler@~1.1.2:
  version "1.1.2"
  resolved "https://registry.npmjs.org/finalhandler/-/finalhandler-1.1.2.tgz"
  dependencies:
    debug "2.6.9"
    encodeurl "~1.0.2"
    escape-html "~1.0.3"
    on-finished "~2.3.0"
    parseurl "~1.3.3"
    statuses "~1.5.0"
    unpipe "~1.0.0"

follow-redirects@^1.14.0:
  version "1.14.6"
  resolved "https://registry.npmjs.org/follow-redirects/-/follow-redirects-1.14.6.tgz"

forwarded@0.2.0:
  version "0.2.0"
  resolved "https://registry.npmjs.org/forwarded/-/forwarded-0.2.0.tgz"

fresh@0.5.2:
  version "0.5.2"
  resolved "https://registry.npmjs.org/fresh/-/fresh-0.5.2.tgz"

http-errors@1.8.1:
  version "1.8.1"
  resolved "https://registry.npmjs.org/http-errors/-/http-errors-1.8.1.tgz"
  dependencies:
    depd "~1.1.2"
    inherits "2.0.4"
    setprototypeof "1.2.0"
    statuses ">= 1.5.0 < 2"
    toidentifier "1.0.1"

iconv-lite@0.4.24:
  version "0.4.24"
  resolved "https://registry.npmjs.org/iconv-lite/-/iconv-lite-0.4.24.tgz"
  dependencies:
    safer-buffer ">= 2.1.2 < 3"

inherits@2.0.4, inherits@^2.0.3:
  version "2.0.4"
  resolved "https://registry.npmjs.org/inherits/-/inherits-2.0.4.tgz"

ipaddr.js@1.9.1:
  version "1.9.1"
  resolved "https://registry.npmjs.org/ipaddr.js/-/ipaddr.js-1.9.1.tgz"

jose@^4.1.4:
  version "4.3.7"
  resolved "https://registry.npmjs.org/jose/-/jose-4.3.7.tgz"

json-schema-traverse@^0.4.1:
  version "0.4.1"
  resolved "https://registry.npmjs.org/json-schema-traverse/-/json-schema-traverse-0.4.1.tgz"

jsonwebtoken@^8.5.1:
  version "8.5.1"
  resolved "https://registry.npmjs.org/jsonwebtoken/-/jsonwebtoken-8.5.1.tgz"
  dependencies:
    jws "^3.2.2"
    lodash.includes "^4.3.0"
    lodash.isboolean "^3.0.3"
    lodash.isinteger "^4.0.4"
    lodash.isnumber "^3.0.3"
    lodash.isplainobject "^4.0.6"
    lodash.isstring "^4.0.1"
    lodash.once "^4.0.0"
    ms "^2.1.1"
    semver "^5.6.0"

jwa@^1.4.1:
  version "1.4.1"
  resolved "https://registry.npmjs.org/jwa/-/jwa-1.4.1.tgz"
  dependencies:
    buffer-equal-constant-time "1.0.1"
    ecdsa-sig-formatter "1.0.11"
    safe-buffer "^5.0.1"

jws@^3.2.2:
  version "3.2.2"
  resolved "https://registry.npmjs.org/jws/-/jws-3.2.2.tgz"
  dependencies:
    jwa "^1.4.1"
    safe-buffer "^5.0.1"

lodash.get@^4.1.2, lodash.get@^4.4.2:
  version "4.4.2"
  resolved "https://registry.npmjs.org/lodash.get/-/lodash.get-4.4.2.tgz"

lodash.includes@^4.3.0:
  version "4.3.0"
  resolved "https://registry.npmjs.org/lodash.includes/-/lodash.includes-4.3.0.tgz"

lodash.isboolean@^3.0.3:
  version "3.0.3"
  resolved "https://registry.npmjs.org/lodash.isboolean/-/lodash.isboolean-3.0.3.tgz"

lodash.isinteger@^4.0.4:
  version "4.0.4"
  resolved "https://registry.npmjs.org/lodash.isinteger/-/lodash.isinteger-4.0.4.tgz"

lodash.isnumber@^3.0.3:
  version "3.0.3"
  resolved "https://registry.npmjs.org/lodash.isnumber/-/lodash.isnumber-3.0.3.tgz"

lodash.isplainobject@^4.0.6:
  version "4.0.6"
  resolved "https://registry.npmjs.org/lodash.isplainobject/-/lodash.isplainobject-4.0.6.tgz"

lodash.isstring@^4.0.1:
  version "4.0.1"
  resolved "https://registry.npmjs.org/lodash.isstring/-/lodash.isstring-4.0.1.tgz"

lodash.merge@^4.3.0:
  version "4.6.2"
  resolved "https://registry.npmjs.org/lodash.merge/-/lodash.merge-4.6.2.tgz"

lodash.once@^4.0.0:
  version "4.1.1"
  resolved "https://registry.npmjs.org/lodash.once/-/lodash.once-4.1.1.tgz"

lodash.reduce@^4.6.0:
  version "4.6.0"
  resolved "https://registry.npmjs.org/lodash.reduce/-/lodash.reduce-4.6.0.tgz"

macaddress@^0.5.1:
  version "0.5.2"
  resolved "https://registry.npmjs.org/macaddress/-/macaddress-0.5.2.tgz"

media-typer@0.3.0:
  version "0.3.0"
  resolved "https://registry.npmjs.org/media-typer/-/media-typer-0.3.0.tgz"

merge-descriptors@1.0.1:
  version "1.0.1"
  resolved "https://registry.npmjs.org/merge-descriptors/-/merge-descriptors-1.0.1.tgz"

methods@~1.1.2:
  version "1.1.2"
  resolved "https://registry.npmjs.org/methods/-/methods-1.1.2.tgz"

mime-db@1.51.0:
  version "1.51.0"
  resolved "https://registry.npmjs.org/mime-db/-/mime-db-1.51.0.tgz"

mime-types@~2.1.24:
  version "2.1.34"
  resolved "https://registry.npmjs.org/mime-types/-/mime-types-2.1.34.tgz"
  dependencies:
    mime-db "1.51.0"

mime@1.6.0:
  version "1.6.0"
  resolved "https://registry.npmjs.org/mime/-/mime-1.6.0.tgz"

minecraft-data@^2.55.0, minecraft-data@^2.61.0, minecraft-data@^2.62.1, minecraft-data@^2.73.1, minecraft-data@^2.74.0, minecraft-data@^2.75.0, minecraft-data@^2.95.0, minecraft-data@^2.97.0, minecraft-data@^2.98.0:
  version "2.100.1"
  resolved "https://registry.npmjs.org/minecraft-data/-/minecraft-data-2.100.1.tgz"

minecraft-folder-path@^1.2.0:
  version "1.2.0"
  resolved "https://registry.npmjs.org/minecraft-folder-path/-/minecraft-folder-path-1.2.0.tgz"

minecraft-protocol@^1.26.5:
  version "1.30.0"
  resolved "https://registry.npmjs.org/minecraft-protocol/-/minecraft-protocol-1.30.0.tgz"
  dependencies:
    aes-js "^3.1.2"
    buffer-equal "^1.0.0"
    debug "^4.3.2"
    endian-toggle "^0.0.0"
    lodash.get "^4.1.2"
    lodash.merge "^4.3.0"
    minecraft-data "^2.98.0"
    minecraft-folder-path "^1.2.0"
    node-fetch "^2.6.1"
    node-rsa "^0.4.2"
    prismarine-auth "^1.1.0"
    prismarine-nbt "^2.0.0"
    protodef "^1.8.0"
    readable-stream "^3.0.6"
    uuid-1345 "^1.0.1"
    yggdrasil "^1.4.0"

mineflayer-pathfinder@^1.0.5, mineflayer-pathfinder@^1.8.0:
  version "1.8.0"
  resolved "https://registry.npmjs.org/mineflayer-pathfinder/-/mineflayer-pathfinder-1.8.0.tgz"
  dependencies:
    minecraft-data "^2.75.0"
    prismarine-block "^1.7.3"
    prismarine-entity "^1.1.0"
    prismarine-item "^1.5.0"
    prismarine-nbt "^1.4.0"
    prismarine-physics "^1.2.2"
    vec3 "^0.1.7"

mineflayer-statemachine@^1.6.4:
  version "1.6.4"
  resolved "https://registry.npmjs.org/mineflayer-statemachine/-/mineflayer-statemachine-1.6.4.tgz"
  dependencies:
    express "^4.17.1"
    minecraft-data "^2.55.0"
    mineflayer "^3.0.0"
    mineflayer-pathfinder "^1.0.5"
    node "^15.0.1"
    prismarine-block "^1.5.1"
    prismarine-entity "^1.0.0"
    prismarine-item "^1.4.0"
    socket.io "^3.0.0"
    vec3 "^0.1.5"

mineflayer@^3.0.0, mineflayer@^3.11.2:
  version "3.14.0"
  resolved "https://registry.npmjs.org/mineflayer/-/mineflayer-3.14.0.tgz"
  dependencies:
    minecraft-data "^2.95.0"
    minecraft-protocol "^1.26.5"
    prismarine-biome "^1.1.1"
    prismarine-block "^1.10.3"
    prismarine-chat "^1.3.3"
    prismarine-chunk "^1.26.0"
    prismarine-entity "^2.0.0"
    prismarine-item "^1.11.0"
    prismarine-nbt "^2.0.0"
    prismarine-physics "^1.3.1"
    prismarine-recipe "^1.1.0"
    prismarine-windows "^2.4.2"
    prismarine-world "^3.6.0"
    protodef "^1.14.0"
    typed-emitter "^1.3.1"
    vec3 "^0.1.7"

mojangson@^2.0.1:
  version "2.0.2"
  resolved "https://registry.npmjs.org/mojangson/-/mojangson-2.0.2.tgz"
  dependencies:
    nearley "^2.19.5"

moo@^0.5.0:
  version "0.5.1"
  resolved "https://registry.npmjs.org/moo/-/moo-0.5.1.tgz"

ms@2.0.0:
  version "2.0.0"
  resolved "https://registry.npmjs.org/ms/-/ms-2.0.0.tgz"

ms@2.1.2:
  version "2.1.2"
  resolved "https://registry.npmjs.org/ms/-/ms-2.1.2.tgz"

ms@2.1.3, ms@^2.1.1:
  version "2.1.3"
  resolved "https://registry.npmjs.org/ms/-/ms-2.1.3.tgz"

nearley@^2.19.5:
  version "2.20.1"
  resolved "https://registry.npmjs.org/nearley/-/nearley-2.20.1.tgz"
  dependencies:
    commander "^2.19.0"
    moo "^0.5.0"
    railroad-diagrams "^1.0.0"
    randexp "0.4.6"

negotiator@0.6.2:
  version "0.6.2"
  resolved "https://registry.npmjs.org/negotiator/-/negotiator-0.6.2.tgz"

node-bin-setup@^1.0.0:
  version "1.0.6"
  resolved "https://registry.npmjs.org/node-bin-setup/-/node-bin-setup-1.0.6.tgz"

node-fetch@^2.6.1:
  version "2.6.6"
  resolved "https://registry.npmjs.org/node-fetch/-/node-fetch-2.6.6.tgz"
  dependencies:
    whatwg-url "^5.0.0"

node-rsa@^0.4.2:
  version "0.4.2"
  resolved "https://registry.npmjs.org/node-rsa/-/node-rsa-0.4.2.tgz"
  dependencies:
    asn1 "0.2.3"

node@^15.0.1:
  version "15.14.0"
  resolved "https://registry.npmjs.org/node/-/node-15.14.0.tgz"
  dependencies:
    node-bin-setup "^1.0.0"

object-assign@^4:
  version "4.1.1"
  resolved "https://registry.npmjs.org/object-assign/-/object-assign-4.1.1.tgz"

on-finished@~2.3.0:
  version "2.3.0"
  resolved "https://registry.npmjs.org/on-finished/-/on-finished-2.3.0.tgz"
  dependencies:
    ee-first "1.1.1"

parseurl@~1.3.3:
  version "1.3.3"
  resolved "https://registry.npmjs.org/parseurl/-/parseurl-1.3.3.tgz"

path-to-regexp@0.1.7:
  version "0.1.7"
  resolved "https://registry.npmjs.org/path-to-regexp/-/path-to-regexp-0.1.7.tgz"

prismarine-auth@^1.1.0:
  version "1.4.1"
  resolved "https://registry.npmjs.org/prismarine-auth/-/prismarine-auth-1.4.1.tgz"
  dependencies:
    "@azure/msal-node" "^1.1.0"
    "@xboxreplay/xboxlive-auth" "^3.3.3"
    jose "^4.1.4"
    node-fetch "^2.6.1"
    smart-buffer "^4.1.0"
    uuid-1345 "^1.0.2"

prismarine-biome@^1.1.0, prismarine-biome@^1.1.1:
  version "1.1.1"
  resolved "https://registry.npmjs.org/prismarine-biome/-/prismarine-biome-1.1.1.tgz"

prismarine-block@^1.10.3, prismarine-block@^1.2.0, prismarine-block@^1.5.1, prismarine-block@^1.7.3:
  version "1.10.3"
  resolved "https://registry.npmjs.org/prismarine-block/-/prismarine-block-1.10.3.tgz"
  dependencies:
    prismarine-biome "^1.1.0"
    prismarine-item "^1.10.1"

prismarine-chat@^1.3.3, prismarine-chat@^1.4.1:
  version "1.5.0"
  resolved "https://registry.npmjs.org/prismarine-chat/-/prismarine-chat-1.5.0.tgz"
  dependencies:
    minecraft-data "^2.62.1"
    mojangson "^2.0.1"
    prismarine-item "^1.10.0"
    prismarine-nbt "^2.0.0"
    sprintf-js "^1.1.2"

prismarine-chunk@^1.26.0:
  version "1.26.0"
  resolved "https://registry.npmjs.org/prismarine-chunk/-/prismarine-chunk-1.26.0.tgz"
  dependencies:
    minecraft-data "^2.61.0"
    prismarine-block "^1.2.0"
    smart-buffer "^4.1.0"
    uint4 "^0.1.2"
    vec3 "^0.1.3"

prismarine-entity@^1.0.0, prismarine-entity@^1.1.0, prismarine-entity@^1.2.0:
  version "1.2.0"
  resolved "https://registry.npmjs.org/prismarine-entity/-/prismarine-entity-1.2.0.tgz"
  dependencies:
    vec3 "^0.1.4"

prismarine-entity@^2.0.0:
  version "2.0.0"
  resolved "https://registry.npmjs.org/prismarine-entity/-/prismarine-entity-2.0.0.tgz"
  dependencies:
    prismarine-chat "^1.4.1"
    vec3 "^0.1.4"

prismarine-item@^1.10.0, prismarine-item@^1.10.1, prismarine-item@^1.11.0, prismarine-item@^1.11.1, prismarine-item@^1.4.0, prismarine-item@^1.5.0:
  version "1.11.1"
  resolved "https://registry.npmjs.org/prismarine-item/-/prismarine-item-1.11.1.tgz"
  dependencies:
    prismarine-nbt "^1.4.0"

prismarine-nbt@^1.4.0:
  version "1.6.0"
  resolved "https://registry.npmjs.org/prismarine-nbt/-/prismarine-nbt-1.6.0.tgz"
  dependencies:
    protodef "^1.9.0"

prismarine-nbt@^2.0.0:
  version "2.0.0"
  resolved "https://registry.npmjs.org/prismarine-nbt/-/prismarine-nbt-2.0.0.tgz"
  dependencies:
    protodef "^1.9.0"

prismarine-physics@^1.2.2, prismarine-physics@^1.3.1:
  version "1.3.1"
  resolved "https://registry.npmjs.org/prismarine-physics/-/prismarine-physics-1.3.1.tgz"
  dependencies:
    minecraft-data "^2.73.1"
    prismarine-nbt "^1.4.0"
    vec3 "^0.1.7"

prismarine-recipe@^1.1.0:
  version "1.1.0"
  resolved "https://registry.npmjs.org/prismarine-recipe/-/prismarine-recipe-1.1.0.tgz"

prismarine-windows@^2.4.2:
  version "2.4.3"
  resolved "https://registry.npmjs.org/prismarine-windows/-/prismarine-windows-2.4.3.tgz"
  dependencies:
    minecraft-data "^2.74.0"
    prismarine-item "^1.5.0"

prismarine-world@^3.6.0:
  version "3.6.0"
  resolved "https://registry.npmjs.org/prismarine-world/-/prismarine-world-3.6.0.tgz"
  dependencies:
    vec3 "^0.1.7"

protodef-validator@^1.3.0:
  version "1.3.1"
  resolved "https://registry.npmjs.org/protodef-validator/-/protodef-validator-1.3.1.tgz"
  dependencies:
    ajv "^6.5.4"

protodef@^1.14.0, protodef@^1.8.0, protodef@^1.9.0:
  version "1.14.0"
  resolved "https://registry.npmjs.org/protodef/-/protodef-1.14.0.tgz"
  dependencies:
    lodash.get "^4.4.2"
    lodash.reduce "^4.6.0"
    protodef-validator "^1.3.0"
    readable-stream "^3.0.3"

proxy-addr@~2.0.7:
  version "2.0.7"
  resolved "https://registry.npmjs.org/proxy-addr/-/proxy-addr-2.0.7.tgz"
  dependencies:
    forwarded "0.2.0"
    ipaddr.js "1.9.1"

punycode@^2.1.0:
  version "2.1.1"
  resolved "https://registry.npmjs.org/punycode/-/punycode-2.1.1.tgz"

qs@6.9.6:
  version "6.9.6"
  resolved "https://registry.npmjs.org/qs/-/qs-6.9.6.tgz"

railroad-diagrams@^1.0.0:
  version "1.0.0"
  resolved "https://registry.npmjs.org/railroad-diagrams/-/railroad-diagrams-1.0.0.tgz"

randexp@0.4.6:
  version "0.4.6"
  resolved "https://registry.npmjs.org/randexp/-/randexp-0.4.6.tgz"
  dependencies:
    discontinuous-range "1.0.0"
    ret "~0.1.10"

range-parser@~1.2.1:
  version "1.2.1"
  resolved "https://registry.npmjs.org/range-parser/-/range-parser-1.2.1.tgz"

raw-body@2.4.2:
  version "2.4.2"
  resolved "https://registry.npmjs.org/raw-body/-/raw-body-2.4.2.tgz"
  dependencies:
    bytes "3.1.1"
    http-errors "1.8.1"
    iconv-lite "0.4.24"
    unpipe "1.0.0"

readable-stream@^3.0.3, readable-stream@^3.0.6:
  version "3.6.0"
  resolved "https://registry.npmjs.org/readable-stream/-/readable-stream-3.6.0.tgz"
  dependencies:
    inherits "^2.0.3"
    string_decoder "^1.1.1"
    util-deprecate "^1.0.1"

readline@^1.3.0:
  version "1.3.0"
  resolved "https://registry.npmjs.org/readline/-/readline-1.3.0.tgz"

ret@~0.1.10:
  version "0.1.15"
  resolved "https://registry.npmjs.org/ret/-/ret-0.1.15.tgz"

safe-buffer@5.2.1, safe-buffer@^5.0.1, safe-buffer@~5.2.0:
  version "5.2.1"
  resolved "https://registry.npmjs.org/safe-buffer/-/safe-buffer-5.2.1.tgz"

"safer-buffer@>= 2.1.2 < 3":
  version "2.1.2"
  resolved "https://registry.npmjs.org/safer-buffer/-/safer-buffer-2.1.2.tgz"

semver@^5.6.0:
  version "5.7.1"
  resolved "https://registry.npmjs.org/semver/-/semver-5.7.1.tgz"

send@0.17.2:
  version "0.17.2"
  resolved "https://registry.npmjs.org/send/-/send-0.17.2.tgz"
  dependencies:
    debug "2.6.9"
    depd "~1.1.2"
    destroy "~1.0.4"
    encodeurl "~1.0.2"
    escape-html "~1.0.3"
    etag "~1.8.1"
    fresh "0.5.2"
    http-errors "1.8.1"
    mime "1.6.0"
    ms "2.1.3"
    on-finished "~2.3.0"
    range-parser "~1.2.1"
    statuses "~1.5.0"

serve-static@1.14.2:
  version "1.14.2"
  resolved "https://registry.npmjs.org/serve-static/-/serve-static-1.14.2.tgz"
  dependencies:
    encodeurl "~1.0.2"
    escape-html "~1.0.3"
    parseurl "~1.3.3"
    send "0.17.2"

setprototypeof@1.2.0:
  version "1.2.0"
  resolved "https://registry.npmjs.org/setprototypeof/-/setprototypeof-1.2.0.tgz"

smart-buffer@^4.1.0:
  version "4.2.0"
  resolved "https://registry.npmjs.org/smart-buffer/-/smart-buffer-4.2.0.tgz"

socket.io-adapter@~2.1.0:
  version "2.1.0"
  resolved "https://registry.npmjs.org/socket.io-adapter/-/socket.io-adapter-2.1.0.tgz"

socket.io-parser@~4.0.3:
  version "4.0.4"
  resolved "https://registry.npmjs.org/socket.io-parser/-/socket.io-parser-4.0.4.tgz"
  dependencies:
    "@types/component-emitter" "^1.2.10"
    component-emitter "~1.3.0"
    debug "~4.3.1"

socket.io@^3.0.0:
  version "3.1.2"
  resolved "https://registry.npmjs.org/socket.io/-/socket.io-3.1.2.tgz"
  dependencies:
    "@types/cookie" "^0.4.0"
    "@types/cors" "^2.8.8"
    "@types/node" ">=10.0.0"
    accepts "~1.3.4"
    base64id "~2.0.0"
    debug "~4.3.1"
    engine.io "~4.1.0"
    socket.io-adapter "~2.1.0"
    socket.io-parser "~4.0.3"

sprintf-js@^1.1.2:
  version "1.1.2"
  resolved "https://registry.npmjs.org/sprintf-js/-/sprintf-js-1.1.2.tgz"

"statuses@>= 1.5.0 < 2", statuses@~1.5.0:
  version "1.5.0"
  resolved "https://registry.npmjs.org/statuses/-/statuses-1.5.0.tgz"

string_decoder@^1.1.1:
  version "1.3.0"
  resolved "https://registry.npmjs.org/string_decoder/-/string_decoder-1.3.0.tgz"
  dependencies:
    safe-buffer "~5.2.0"

toidentifier@1.0.1:
  version "1.0.1"
  resolved "https://registry.npmjs.org/toidentifier/-/toidentifier-1.0.1.tgz"

tr46@~0.0.3:
  version "0.0.3"
  resolved "https://registry.npmjs.org/tr46/-/tr46-0.0.3.tgz"

type-is@~1.6.18:
  version "1.6.18"
  resolved "https://registry.npmjs.org/type-is/-/type-is-1.6.18.tgz"
  dependencies:
    media-typer "0.3.0"
    mime-types "~2.1.24"

typed-emitter@^1.3.1:
  version "1.4.0"
  resolved "https://registry.npmjs.org/typed-emitter/-/typed-emitter-1.4.0.tgz"

typescript@^4.5.2:
  version "4.5.4"
  resolved "https://registry.npmjs.org/typescript/-/typescript-4.5.4.tgz"

uint4@^0.1.2:
  version "0.1.2"
  resolved "https://registry.npmjs.org/uint4/-/uint4-0.1.2.tgz"

unpipe@1.0.0, unpipe@~1.0.0:
  version "1.0.0"
  resolved "https://registry.npmjs.org/unpipe/-/unpipe-1.0.0.tgz"

uri-js@^4.2.2:
  version "4.4.1"
  resolved "https://registry.npmjs.org/uri-js/-/uri-js-4.4.1.tgz"
  dependencies:
    punycode "^2.1.0"

util-deprecate@^1.0.1:
  version "1.0.2"
  resolved "https://registry.npmjs.org/util-deprecate/-/util-deprecate-1.0.2.tgz"

utils-merge@1.0.1:
  version "1.0.1"
  resolved "https://registry.npmjs.org/utils-merge/-/utils-merge-1.0.1.tgz"

uuid-1345@^1.0.1, uuid-1345@^1.0.2:
  version "1.0.2"
  resolved "https://registry.npmjs.org/uuid-1345/-/uuid-1345-1.0.2.tgz"
  dependencies:
    macaddress "^0.5.1"

uuid@^8.2.0, uuid@^8.3.0:
  version "8.3.2"
  resolved "https://registry.npmjs.org/uuid/-/uuid-8.3.2.tgz"

vary@^1, vary@~1.1.2:
  version "1.1.2"
  resolved "https://registry.npmjs.org/vary/-/vary-1.1.2.tgz"

vec3@^0.1.3, vec3@^0.1.4, vec3@^0.1.5, vec3@^0.1.7:
  version "0.1.7"
  resolved "https://registry.npmjs.org/vec3/-/vec3-0.1.7.tgz"

webidl-conversions@^3.0.0:
  version "3.0.1"
  resolved "https://registry.npmjs.org/webidl-conversions/-/webidl-conversions-3.0.1.tgz"

whatwg-url@^5.0.0:
  version "5.0.0"
  resolved "https://registry.npmjs.org/whatwg-url/-/whatwg-url-5.0.0.tgz"
  dependencies:
    tr46 "~0.0.3"
    webidl-conversions "^3.0.0"

ws@~7.4.2:
  version "7.4.6"
  resolved "https://registry.npmjs.org/ws/-/ws-7.4.6.tgz"

yggdrasil@^1.4.0:
  version "1.6.1"
  resolved "https://registry.npmjs.org/yggdrasil/-/yggdrasil-1.6.1.tgz"
  dependencies:
    node-fetch "^2.6.1"
    uuid "^8.2.0"
