# THIS IS AN AUTOGENERATED FILE. DO NOT EDIT THIS FILE DIRECTLY.
# yarn lockfile v1


"@azure/msal-common@^5.2.0":
  "integrity" "sha512-oVc4soy5MEZOp9NvCDqBk57mtiUTJXQQ8Z8S/4UiRQP8RG8snuCFQUs9xxdIfvl2FWIvgiBz+SMByyjTaRX42Q=="
  "resolved" "https://registry.npmjs.org/@azure/msal-common/-/msal-common-5.2.0.tgz"
  "version" "5.2.0"
  dependencies:
    "debug" "^4.1.1"

"@azure/msal-node@^1.1.0":
  "integrity" "sha512-Ek6hqOFUi5QEAxZ55awM8y1N+9SzS9Qh8ijF4RDLtFuHzqP7xXmMnVC1lae45FlH55DUOo7dg/smuDJnb4kw6g=="
  "resolved" "https://registry.npmjs.org/@azure/msal-node/-/msal-node-1.4.0.tgz"
  "version" "1.4.0"
  dependencies:
    "@azure/msal-common" "^5.2.0"
    "axios" "^0.21.4"
    "jsonwebtoken" "^8.5.1"
    "uuid" "^8.3.0"

"@nxg-org/mineflayer-util-plugin@^1.3.11":
  "integrity" "sha512-yQewHv9o+SbBwvrC5vXoMh043lZ9jEa/HVCzO7DQ1QSSqS9lEcCp3llnWunowNO/Urqq+pPBp9q5HiV76LGk5Q=="
  "resolved" "https://registry.npmjs.org/@nxg-org/mineflayer-util-plugin/-/mineflayer-util-plugin-1.3.11.tgz"
  "version" "1.3.11"
  dependencies:
    "minecraft-data" "^2.97.0"
    "mineflayer" "^3.11.2"
    "mineflayer-pathfinder" "^1.8.0"
    "prismarine-block" "^1.10.3"
    "prismarine-entity" "^1.2.0"
    "prismarine-item" "^1.11.1"
    "vec3" "^0.1.7"

"@types/body-parser@*":
  "integrity" "sha512-ALYone6pm6QmwZoAgeyNksccT9Q4AWZQ6PvfwR37GT6r6FWUPguq6sUmNGSMV2Wr761oQoBxwGGa6DR5o1DC9g=="
  "resolved" "https://registry.npmjs.org/@types/body-parser/-/body-parser-1.19.2.tgz"
  "version" "1.19.2"
  dependencies:
    "@types/connect" "*"
    "@types/node" "*"

"@types/component-emitter@^1.2.10":
  "integrity" "sha512-SRXjM+tfsSlA9VuG8hGO2nft2p8zjXCK1VcC6N4NXbBbYbSia9kzCChYQajIjzIqOOOuh5Ock6MmV2oux4jDZQ=="
  "resolved" "https://registry.npmjs.org/@types/component-emitter/-/component-emitter-1.2.11.tgz"
  "version" "1.2.11"

"@types/connect@*":
  "integrity" "sha512-cdeYyv4KWoEgpBISTxWvqYsVy444DOqehiF3fM3ne10AmJ62RSyNkUnxMJXHQWRQQX2eR94m5y1IZyDwBjV9FQ=="
  "resolved" "https://registry.npmjs.org/@types/connect/-/connect-3.4.35.tgz"
  "version" "3.4.35"
  dependencies:
    "@types/node" "*"

"@types/cookie@^0.4.0":
  "integrity" "sha512-XW/Aa8APYr6jSVVA1y/DEIZX0/GMKLEVekNG727R8cs56ahETkRAy/3DR7+fJyh7oUgGwNQaRfXCun0+KbWY7Q=="
  "resolved" "https://registry.npmjs.org/@types/cookie/-/cookie-0.4.1.tgz"
  "version" "0.4.1"

"@types/cors@^2.8.8":
  "integrity" "sha512-vt+kDhq/M2ayberEtJcIN/hxXy1Pk+59g2FV/ZQceeaTyCtCucjL2Q7FXlFjtWn4n15KCr1NE2lNNFhp0lEThw=="
  "resolved" "https://registry.npmjs.org/@types/cors/-/cors-2.8.12.tgz"
  "version" "2.8.12"

"@types/express-serve-static-core@^4.17.18":
  "integrity" "sha512-e/sVallzUTPdyOTiqi8O8pMdBBphscvI6E4JYaKlja4Lm+zh7UFSSdW5VMkRbhDtmrONqOUHOXRguPsDckzxNA=="
  "resolved" "https://registry.npmjs.org/@types/express-serve-static-core/-/express-serve-static-core-4.17.27.tgz"
  "version" "4.17.27"
  dependencies:
    "@types/node" "*"
    "@types/qs" "*"
    "@types/range-parser" "*"

"@types/express@^4.17.13":
  "integrity" "sha512-6bSZTPaTIACxn48l50SR+axgrqm6qXFIxrdAKaG6PaJk3+zuUr35hBlgT7vOmJcum+OEaIBLtHV/qloEAFITeA=="
  "resolved" "https://registry.npmjs.org/@types/express/-/express-4.17.13.tgz"
  "version" "4.17.13"
  dependencies:
    "@types/body-parser" "*"
    "@types/express-serve-static-core" "^4.17.18"
    "@types/qs" "*"
    "@types/serve-static" "*"

"@types/mime@^1":
  "integrity" "sha512-YATxVxgRqNH6nHEIsvg6k2Boc1JHI9ZbH5iWFFv/MTkchz3b1ieGDa5T0a9RznNdI0KhVbdbWSN+KWWrQZRxTw=="
  "resolved" "https://registry.npmjs.org/@types/mime/-/mime-1.3.2.tgz"
  "version" "1.3.2"

"@types/node@*", "@types/node@^16.11.17":
  "integrity" "sha512-C1vTZME8cFo8uxY2ui41xcynEotVkczIVI5AjLmy5pkpBv/FtG+jhtOlfcPysI8VRVwoOMv6NJm44LGnoMSWkw=="
  "resolved" "https://registry.npmjs.org/@types/node/-/node-16.11.17.tgz"
  "version" "16.11.17"

"@types/node@>=10.0.0":
  "integrity" "sha512-w3mrvNXLeDYV1GKTZorGJQivK6XLCoGwpnyJFbJVK/aTBQUxOCaa/GlFAAN3OTDFcb7h5tiFG+YXCO2By+riZw=="
  "resolved" "https://registry.npmjs.org/@types/node/-/node-17.0.5.tgz"
  "version" "17.0.5"

"@types/qs@*":
  "integrity" "sha512-FGa1F62FT09qcrueBA6qYTrJPVDzah9a+493+o2PCXsesWHIn27G98TsSMs3WPNbZIEj4+VJf6saSFpvD+3Zsw=="
  "resolved" "https://registry.npmjs.org/@types/qs/-/qs-6.9.7.tgz"
  "version" "6.9.7"

"@types/range-parser@*":
  "integrity" "sha512-EEhsLsD6UsDM1yFhAvy0Cjr6VwmpMWqFBCb9w07wVugF7w9nfajxLuVmngTIpgS6svCnm6Vaw+MZhoDCKnOfsw=="
  "resolved" "https://registry.npmjs.org/@types/range-parser/-/range-parser-1.2.4.tgz"
  "version" "1.2.4"

"@types/serve-static@*":
  "integrity" "sha512-nCkHGI4w7ZgAdNkrEu0bv+4xNV/XDqW+DydknebMOQwkpDGx8G+HTlj7R7ABI8i8nKxVw0wtKPi1D+lPOkh4YQ=="
  "resolved" "https://registry.npmjs.org/@types/serve-static/-/serve-static-1.13.10.tgz"
  "version" "1.13.10"
  dependencies:
    "@types/mime" "^1"
    "@types/node" "*"

"@xboxreplay/errors@^0.1.0":
  "integrity" "sha512-Tgz1d/OIPDWPeyOvuL5+aai5VCcqObhPnlI3skQuf80GVF3k1I0lPCnGC+8Cm5PV9aLBT5m8qPcJoIUQ2U4y9g=="
  "resolved" "https://registry.npmjs.org/@xboxreplay/errors/-/errors-0.1.0.tgz"
  "version" "0.1.0"

"@xboxreplay/xboxlive-auth@^3.3.3":
  "integrity" "sha512-j0AU8pW10LM8O68CTZ5QHnvOjSsnPICy0oQcP7zyM7eWkDQ/InkiQiirQKsPn1XRYDl4ccNu0WM582s3UKwcBg=="
  "resolved" "https://registry.npmjs.org/@xboxreplay/xboxlive-auth/-/xboxlive-auth-3.3.3.tgz"
  "version" "3.3.3"
  dependencies:
    "@xboxreplay/errors" "^0.1.0"
    "axios" "^0.21.1"

"accepts@~1.3.4", "accepts@~1.3.7":
  "integrity" "sha512-Il80Qs2WjYlJIBNzNkK6KYqlVMTbZLXgHx2oT0pU/fjRHyEp+PEfEPY0R3WCwAGVOtauxh1hOxNgIf5bv7dQpA=="
  "resolved" "https://registry.npmjs.org/accepts/-/accepts-1.3.7.tgz"
  "version" "1.3.7"
  dependencies:
    "mime-types" "~2.1.24"
    "negotiator" "0.6.2"

"aes-js@^3.1.2":
  "integrity" "sha512-e5pEa2kBnBOgR4Y/p20pskXI74UEz7de8ZGVo58asOtvSVG5YAbJeELPZxOmt+Bnz3rX753YKhfIn4X4l1PPRQ=="
  "resolved" "https://registry.npmjs.org/aes-js/-/aes-js-3.1.2.tgz"
  "version" "3.1.2"

"ajv@^6.5.4":
  "integrity" "sha512-j3fVLgvTo527anyYyJOGTYJbG+vnnQYvE0m5mmkc1TK+nxAppkCLMIL0aZ4dblVCNoGShhm+kzE4ZUykBoMg4g=="
  "resolved" "https://registry.npmjs.org/ajv/-/ajv-6.12.6.tgz"
  "version" "6.12.6"
  dependencies:
    "fast-deep-equal" "^3.1.1"
    "fast-json-stable-stringify" "^2.0.0"
    "json-schema-traverse" "^0.4.1"
    "uri-js" "^4.2.2"

"array-flatten@1.1.1":
  "integrity" "sha1-ml9pkFGx5wczKPKgCJaLZOopVdI="
  "resolved" "https://registry.npmjs.org/array-flatten/-/array-flatten-1.1.1.tgz"
  "version" "1.1.1"

"asn1@0.2.3":
  "integrity" "sha1-2sh4dxPJlmhJ/IGAd36+nB3fO4Y="
  "resolved" "https://registry.npmjs.org/asn1/-/asn1-0.2.3.tgz"
  "version" "0.2.3"

"axios@^0.21.1", "axios@^0.21.4":
  "integrity" "sha512-ut5vewkiu8jjGBdqpM44XxjuCjq9LAKeHVmoVfHVzy8eHgxxq8SbAVQNovDA8mVi05kP0Ea/n/UzcSHcTJQfNg=="
  "resolved" "https://registry.npmjs.org/axios/-/axios-0.21.4.tgz"
  "version" "0.21.4"
  dependencies:
    "follow-redirects" "^1.14.0"

"base64-arraybuffer@0.1.4":
  "integrity" "sha1-mBjHngWbE1X5fgQooBfIOOkLqBI="
  "resolved" "https://registry.npmjs.org/base64-arraybuffer/-/base64-arraybuffer-0.1.4.tgz"
  "version" "0.1.4"

"base64id@~2.0.0", "base64id@2.0.0":
  "integrity" "sha512-lGe34o6EHj9y3Kts9R4ZYs/Gr+6N7MCaMlIFA3F1R2O5/m7K06AxfSeO5530PEERE6/WyEg3lsuyw4GHlPZHog=="
  "resolved" "https://registry.npmjs.org/base64id/-/base64id-2.0.0.tgz"
  "version" "2.0.0"

"body-parser@1.19.1":
  "integrity" "sha512-8ljfQi5eBk8EJfECMrgqNGWPEY5jWP+1IzkzkGdFFEwFQZZyaZ21UqdaHktgiMlH0xLHqIFtE/u2OYE5dOtViA=="
  "resolved" "https://registry.npmjs.org/body-parser/-/body-parser-1.19.1.tgz"
  "version" "1.19.1"
  dependencies:
    "bytes" "3.1.1"
    "content-type" "~1.0.4"
    "debug" "2.6.9"
    "depd" "~1.1.2"
    "http-errors" "1.8.1"
    "iconv-lite" "0.4.24"
    "on-finished" "~2.3.0"
    "qs" "6.9.6"
    "raw-body" "2.4.2"
    "type-is" "~1.6.18"

"buffer-equal-constant-time@1.0.1":
  "integrity" "sha1-+OcRMvf/5uAaXJaXpMbz5I1cyBk="
  "resolved" "https://registry.npmjs.org/buffer-equal-constant-time/-/buffer-equal-constant-time-1.0.1.tgz"
  "version" "1.0.1"

"buffer-equal@^1.0.0":
  "integrity" "sha1-WWFrSYME1Var1GaWayLu2j7KX74="
  "resolved" "https://registry.npmjs.org/buffer-equal/-/buffer-equal-1.0.0.tgz"
  "version" "1.0.0"

"bytes@3.1.1":
  "integrity" "sha512-dWe4nWO/ruEOY7HkUJ5gFt1DCFV9zPRoJr8pV0/ASQermOZjtq8jMjOprC0Kd10GLN+l7xaUPvxzJFWtxGu8Fg=="
  "resolved" "https://registry.npmjs.org/bytes/-/bytes-3.1.1.tgz"
  "version" "3.1.1"

"commander@^2.19.0":
  "integrity" "sha512-GpVkmM8vF2vQUkj2LvZmD35JxeJOLCwJ9cUkugyk2nuhbv3+mJvpLYYt+0+USMxE+oj+ey/lJEnhZw75x/OMcQ=="
  "resolved" "https://registry.npmjs.org/commander/-/commander-2.20.3.tgz"
  "version" "2.20.3"

"component-emitter@~1.3.0":
  "integrity" "sha512-Rd3se6QB+sO1TwqZjscQrurpEPIfO0/yYnSin6Q/rD3mOutHvUrCAhJub3r90uNb+SESBuE0QYoB90YdfatsRg=="
  "resolved" "https://registry.npmjs.org/component-emitter/-/component-emitter-1.3.0.tgz"
  "version" "1.3.0"

"content-disposition@0.5.4":
  "integrity" "sha512-FveZTNuGw04cxlAiWbzi6zTAL/lhehaWbTtgluJh4/E95DqMwTmha3KZN1aAWA8cFIhHzMZUvLevkw5Rqk+tSQ=="
  "resolved" "https://registry.npmjs.org/content-disposition/-/content-disposition-0.5.4.tgz"
  "version" "0.5.4"
  dependencies:
    "safe-buffer" "5.2.1"

"content-type@~1.0.4":
  "integrity" "sha512-hIP3EEPs8tB9AT1L+NUqtwOAps4mk2Zob89MWXMHjHWg9milF/j4osnnQLXBCBFBk/tvIG/tUc9mOUJiPBhPXA=="
  "resolved" "https://registry.npmjs.org/content-type/-/content-type-1.0.4.tgz"
  "version" "1.0.4"

"cookie-signature@1.0.6":
  "integrity" "sha1-4wOogrNCzD7oylE6eZmXNNqzriw="
  "resolved" "https://registry.npmjs.org/cookie-signature/-/cookie-signature-1.0.6.tgz"
  "version" "1.0.6"

"cookie@~0.4.1", "cookie@0.4.1":
  "integrity" "sha512-ZwrFkGJxUR3EIoXtO+yVE69Eb7KlixbaeAWfBQB9vVsNn/o+Yw69gBWSSDK825hQNdN+wF8zELf3dFNl/kxkUA=="
  "resolved" "https://registry.npmjs.org/cookie/-/cookie-0.4.1.tgz"
  "version" "0.4.1"

"cors@~2.8.5":
  "integrity" "sha512-KIHbLJqu73RGr/hnbrO9uBeixNGuvSQjul/jdFvS/KFSIH1hWVd1ng7zOHx+YrEfInLG7q4n6GHQ9cDtxv/P6g=="
  "resolved" "https://registry.npmjs.org/cors/-/cors-2.8.5.tgz"
  "version" "2.8.5"
  dependencies:
    "object-assign" "^4"
    "vary" "^1"

"debug@^4.1.1":
  "integrity" "sha512-/zxw5+vh1Tfv+4Qn7a5nsbcJKPaSvCDhojn6FEl9vupwK2VCSDtEiEtqr8DFtzYFOdz63LBkxec7DYuc2jon6Q=="
  "resolved" "https://registry.npmjs.org/debug/-/debug-4.3.3.tgz"
  "version" "4.3.3"
  dependencies:
    "ms" "2.1.2"

"debug@^4.3.2":
  "integrity" "sha512-/zxw5+vh1Tfv+4Qn7a5nsbcJKPaSvCDhojn6FEl9vupwK2VCSDtEiEtqr8DFtzYFOdz63LBkxec7DYuc2jon6Q=="
  "resolved" "https://registry.npmjs.org/debug/-/debug-4.3.3.tgz"
  "version" "4.3.3"
  dependencies:
    "ms" "2.1.2"

"debug@~4.3.1":
  "integrity" "sha512-/zxw5+vh1Tfv+4Qn7a5nsbcJKPaSvCDhojn6FEl9vupwK2VCSDtEiEtqr8DFtzYFOdz63LBkxec7DYuc2jon6Q=="
  "resolved" "https://registry.npmjs.org/debug/-/debug-4.3.3.tgz"
  "version" "4.3.3"
  dependencies:
    "ms" "2.1.2"

"debug@2.6.9":
  "integrity" "sha512-bC7ElrdJaJnPbAP+1EotYvqZsb3ecl5wi6Bfi6BJTUcNowp6cvspg0jXznRTKDjm/E7AdgFBVeAPVMNcKGsHMA=="
  "resolved" "https://registry.npmjs.org/debug/-/debug-2.6.9.tgz"
  "version" "2.6.9"
  dependencies:
    "ms" "2.0.0"

"depd@~1.1.2":
  "integrity" "sha1-m81S4UwJd2PnSbJ0xDRu0uVgtak="
  "resolved" "https://registry.npmjs.org/depd/-/depd-1.1.2.tgz"
  "version" "1.1.2"

"destroy@~1.0.4":
  "integrity" "sha1-l4hXRCxEdJ5CBmE+N5RiBYJqvYA="
  "resolved" "https://registry.npmjs.org/destroy/-/destroy-1.0.4.tgz"
  "version" "1.0.4"

"discontinuous-range@1.0.0":
  "integrity" "sha1-44Mx8IRLukm5qctxx3FYWqsbxlo="
  "resolved" "https://registry.npmjs.org/discontinuous-range/-/discontinuous-range-1.0.0.tgz"
  "version" "1.0.0"

"ecdsa-sig-formatter@1.0.11":
  "integrity" "sha512-nagl3RYrbNv6kQkeJIpt6NJZy8twLB/2vtz6yN9Z4vRKHN4/QZJIEbqohALSgwKdnksuY3k5Addp5lg8sVoVcQ=="
  "resolved" "https://registry.npmjs.org/ecdsa-sig-formatter/-/ecdsa-sig-formatter-1.0.11.tgz"
  "version" "1.0.11"
  dependencies:
    "safe-buffer" "^5.0.1"

"ee-first@1.1.1":
  "integrity" "sha1-WQxhFWsK4vTwJVcyoViyZrxWsh0="
  "resolved" "https://registry.npmjs.org/ee-first/-/ee-first-1.1.1.tgz"
  "version" "1.1.1"

"encodeurl@~1.0.2":
  "integrity" "sha1-rT/0yG7C0CkyL1oCw6mmBslbP1k="
  "resolved" "https://registry.npmjs.org/encodeurl/-/encodeurl-1.0.2.tgz"
  "version" "1.0.2"

"endian-toggle@^0.0.0":
  "integrity" "sha1-5cx1eLEDLW7gHq/Nc3ZdsNtNwKY="
  "resolved" "https://registry.npmjs.org/endian-toggle/-/endian-toggle-0.0.0.tgz"
  "version" "0.0.0"

"engine.io-parser@~4.0.0":
  "integrity" "sha512-xEAAY0msNnESNPc00e19y5heTPX4y/TJ36gr8t1voOaNmTojP9b3oK3BbJLFufW2XFPQaaijpFewm2g2Um3uqA=="
  "resolved" "https://registry.npmjs.org/engine.io-parser/-/engine.io-parser-4.0.3.tgz"
  "version" "4.0.3"
  dependencies:
    "base64-arraybuffer" "0.1.4"

"engine.io@~4.1.0":
  "integrity" "sha512-t2E9wLlssQjGw0nluF6aYyfX8LwYU8Jj0xct+pAhfWfv/YrBn6TSNtEYsgxHIfaMqfrLx07czcMg9bMN6di+3w=="
  "resolved" "https://registry.npmjs.org/engine.io/-/engine.io-4.1.1.tgz"
  "version" "4.1.1"
  dependencies:
    "accepts" "~1.3.4"
    "base64id" "2.0.0"
    "cookie" "~0.4.1"
    "cors" "~2.8.5"
    "debug" "~4.3.1"
    "engine.io-parser" "~4.0.0"
    "ws" "~7.4.2"

"escape-html@~1.0.3":
  "integrity" "sha1-Aljq5NPQwJdN4cFpGI7wBR0dGYg="
  "resolved" "https://registry.npmjs.org/escape-html/-/escape-html-1.0.3.tgz"
  "version" "1.0.3"

"etag@~1.8.1":
  "integrity" "sha1-Qa4u62XvpiJorr/qg6x9eSmbCIc="
  "resolved" "https://registry.npmjs.org/etag/-/etag-1.8.1.tgz"
  "version" "1.8.1"

"express@^4.17.1", "express@^4.17.2":
  "integrity" "sha512-oxlxJxcQlYwqPWKVJJtvQiwHgosH/LrLSPA+H4UxpyvSS6jC5aH+5MoHFM+KABgTOt0APue4w66Ha8jCUo9QGg=="
  "resolved" "https://registry.npmjs.org/express/-/express-4.17.2.tgz"
  "version" "4.17.2"
  dependencies:
    "accepts" "~1.3.7"
    "array-flatten" "1.1.1"
    "body-parser" "1.19.1"
    "content-disposition" "0.5.4"
    "content-type" "~1.0.4"
    "cookie" "0.4.1"
    "cookie-signature" "1.0.6"
    "debug" "2.6.9"
    "depd" "~1.1.2"
    "encodeurl" "~1.0.2"
    "escape-html" "~1.0.3"
    "etag" "~1.8.1"
    "finalhandler" "~1.1.2"
    "fresh" "0.5.2"
    "merge-descriptors" "1.0.1"
    "methods" "~1.1.2"
    "on-finished" "~2.3.0"
    "parseurl" "~1.3.3"
    "path-to-regexp" "0.1.7"
    "proxy-addr" "~2.0.7"
    "qs" "6.9.6"
    "range-parser" "~1.2.1"
    "safe-buffer" "5.2.1"
    "send" "0.17.2"
    "serve-static" "1.14.2"
    "setprototypeof" "1.2.0"
    "statuses" "~1.5.0"
    "type-is" "~1.6.18"
    "utils-merge" "1.0.1"
    "vary" "~1.1.2"

"fast-deep-equal@^3.1.1":
  "integrity" "sha512-f3qQ9oQy9j2AhBe/H9VC91wLmKBCCU/gDOnKNAYG5hswO7BLKj09Hc5HYNz9cGI++xlpDCIgDaitVs03ATR84Q=="
  "resolved" "https://registry.npmjs.org/fast-deep-equal/-/fast-deep-equal-3.1.3.tgz"
  "version" "3.1.3"

"fast-json-stable-stringify@^2.0.0":
  "integrity" "sha512-lhd/wF+Lk98HZoTCtlVraHtfh5XYijIjalXck7saUtuanSDyLMxnHhSXEDJqHxD7msR8D0uCmqlkwjCV8xvwHw=="
  "resolved" "https://registry.npmjs.org/fast-json-stable-stringify/-/fast-json-stable-stringify-2.1.0.tgz"
  "version" "2.1.0"

"finalhandler@~1.1.2":
  "integrity" "sha512-aAWcW57uxVNrQZqFXjITpW3sIUQmHGG3qSb9mUah9MgMC4NeWhNOlNjXEYq3HjRAvL6arUviZGGJsBg6z0zsWA=="
  "resolved" "https://registry.npmjs.org/finalhandler/-/finalhandler-1.1.2.tgz"
  "version" "1.1.2"
  dependencies:
    "debug" "2.6.9"
    "encodeurl" "~1.0.2"
    "escape-html" "~1.0.3"
    "on-finished" "~2.3.0"
    "parseurl" "~1.3.3"
    "statuses" "~1.5.0"
    "unpipe" "~1.0.0"

"follow-redirects@^1.14.0":
  "integrity" "sha512-fhUl5EwSJbbl8AR+uYL2KQDxLkdSjZGR36xy46AO7cOMTrCMON6Sa28FmAnC2tRTDbd/Uuzz3aJBv7EBN7JH8A=="
  "resolved" "https://registry.npmjs.org/follow-redirects/-/follow-redirects-1.14.6.tgz"
  "version" "1.14.6"

"forwarded@0.2.0":
  "integrity" "sha512-buRG0fpBtRHSTCOASe6hD258tEubFoRLb4ZNA6NxMVHNw2gOcwHo9wyablzMzOA5z9xA9L1KNjk/Nt6MT9aYow=="
  "resolved" "https://registry.npmjs.org/forwarded/-/forwarded-0.2.0.tgz"
  "version" "0.2.0"

"fresh@0.5.2":
  "integrity" "sha1-PYyt2Q2XZWn6g1qx+OSyOhBWBac="
  "resolved" "https://registry.npmjs.org/fresh/-/fresh-0.5.2.tgz"
  "version" "0.5.2"

"http-errors@1.8.1":
  "integrity" "sha512-Kpk9Sm7NmI+RHhnj6OIWDI1d6fIoFAtFt9RLaTMRlg/8w49juAStsrBgp0Dp4OdxdVbRIeKhtCUvoi/RuAhO4g=="
  "resolved" "https://registry.npmjs.org/http-errors/-/http-errors-1.8.1.tgz"
  "version" "1.8.1"
  dependencies:
    "depd" "~1.1.2"
    "inherits" "2.0.4"
    "setprototypeof" "1.2.0"
    "statuses" ">= 1.5.0 < 2"
    "toidentifier" "1.0.1"

"iconv-lite@0.4.24":
  "integrity" "sha512-v3MXnZAcvnywkTUEZomIActle7RXXeedOR31wwl7VlyoXO4Qi9arvSenNQWne1TcRwhCL1HwLI21bEqdpj8/rA=="
  "resolved" "https://registry.npmjs.org/iconv-lite/-/iconv-lite-0.4.24.tgz"
  "version" "0.4.24"
  dependencies:
    "safer-buffer" ">= 2.1.2 < 3"

"inherits@^2.0.3", "inherits@2.0.4":
  "integrity" "sha512-k/vGaX4/Yla3WzyMCvTQOXYeIHvqOKtnqBduzTHpzpQZzAskKMhZ2K+EnBiSM9zGSoIFeMpXKxa4dYeZIQqewQ=="
  "resolved" "https://registry.npmjs.org/inherits/-/inherits-2.0.4.tgz"
  "version" "2.0.4"

"ipaddr.js@1.9.1":
  "integrity" "sha512-0KI/607xoxSToH7GjN1FfSbLoU0+btTicjsQSWQlh/hZykN8KpmMf7uYwPW3R+akZ6R/w18ZlXSHBYXiYUPO3g=="
  "resolved" "https://registry.npmjs.org/ipaddr.js/-/ipaddr.js-1.9.1.tgz"
  "version" "1.9.1"

"jose@^4.1.4":
  "integrity" "sha512-S7Xfsy8nN9Iw/AZxk+ZxEbd5ImIwJPM0TfAo8zI8FF+3lidQ2yiK4dqzsaPKSbZD0woNVSY0KCql6rlKc5V7ug=="
  "resolved" "https://registry.npmjs.org/jose/-/jose-4.3.7.tgz"
  "version" "4.3.7"

"json-schema-traverse@^0.4.1":
  "integrity" "sha512-xbbCH5dCYU5T8LcEhhuh7HJ88HXuW3qsI3Y0zOZFKfZEHcpWiHU/Jxzk629Brsab/mMiHQti9wMP+845RPe3Vg=="
  "resolved" "https://registry.npmjs.org/json-schema-traverse/-/json-schema-traverse-0.4.1.tgz"
  "version" "0.4.1"

"jsonwebtoken@^8.5.1":
  "integrity" "sha512-XjwVfRS6jTMsqYs0EsuJ4LGxXV14zQybNd4L2r0UvbVnSF9Af8x7p5MzbJ90Ioz/9TI41/hTCvznF/loiSzn8w=="
  "resolved" "https://registry.npmjs.org/jsonwebtoken/-/jsonwebtoken-8.5.1.tgz"
  "version" "8.5.1"
  dependencies:
    "jws" "^3.2.2"
    "lodash.includes" "^4.3.0"
    "lodash.isboolean" "^3.0.3"
    "lodash.isinteger" "^4.0.4"
    "lodash.isnumber" "^3.0.3"
    "lodash.isplainobject" "^4.0.6"
    "lodash.isstring" "^4.0.1"
    "lodash.once" "^4.0.0"
    "ms" "^2.1.1"
    "semver" "^5.6.0"

"jwa@^1.4.1":
  "integrity" "sha512-qiLX/xhEEFKUAJ6FiBMbes3w9ATzyk5W7Hvzpa/SLYdxNtng+gcurvrI7TbACjIXlsJyr05/S1oUhZrc63evQA=="
  "resolved" "https://registry.npmjs.org/jwa/-/jwa-1.4.1.tgz"
  "version" "1.4.1"
  dependencies:
    "buffer-equal-constant-time" "1.0.1"
    "ecdsa-sig-formatter" "1.0.11"
    "safe-buffer" "^5.0.1"

"jws@^3.2.2":
  "integrity" "sha512-YHlZCB6lMTllWDtSPHz/ZXTsi8S00usEV6v1tjq8tOUZzw7DpSDWVXjXDre6ed1w/pd495ODpHZYSdkRTsa0HA=="
  "resolved" "https://registry.npmjs.org/jws/-/jws-3.2.2.tgz"
  "version" "3.2.2"
  dependencies:
    "jwa" "^1.4.1"
    "safe-buffer" "^5.0.1"

"lodash.get@^4.1.2", "lodash.get@^4.4.2":
  "integrity" "sha1-LRd/ZS+jHpObRDjVNBSZ36OCXpk="
  "resolved" "https://registry.npmjs.org/lodash.get/-/lodash.get-4.4.2.tgz"
  "version" "4.4.2"

"lodash.includes@^4.3.0":
  "integrity" "sha1-YLuYqHy5I8aMoeUTJUgzFISfVT8="
  "resolved" "https://registry.npmjs.org/lodash.includes/-/lodash.includes-4.3.0.tgz"
  "version" "4.3.0"

"lodash.isboolean@^3.0.3":
  "integrity" "sha1-bC4XHbKiV82WgC/UOwGyDV9YcPY="
  "resolved" "https://registry.npmjs.org/lodash.isboolean/-/lodash.isboolean-3.0.3.tgz"
  "version" "3.0.3"

"lodash.isinteger@^4.0.4":
  "integrity" "sha1-YZwK89A/iwTDH1iChAt3sRzWg0M="
  "resolved" "https://registry.npmjs.org/lodash.isinteger/-/lodash.isinteger-4.0.4.tgz"
  "version" "4.0.4"

"lodash.isnumber@^3.0.3":
  "integrity" "sha1-POdoEMWSjQM1IwGsKHMX8RwLH/w="
  "resolved" "https://registry.npmjs.org/lodash.isnumber/-/lodash.isnumber-3.0.3.tgz"
  "version" "3.0.3"

"lodash.isplainobject@^4.0.6":
  "integrity" "sha1-fFJqUtibRcRcxpC4gWO+BJf1UMs="
  "resolved" "https://registry.npmjs.org/lodash.isplainobject/-/lodash.isplainobject-4.0.6.tgz"
  "version" "4.0.6"

"lodash.isstring@^4.0.1":
  "integrity" "sha1-1SfftUVuynzJu5XV2ur4i6VKVFE="
  "resolved" "https://registry.npmjs.org/lodash.isstring/-/lodash.isstring-4.0.1.tgz"
  "version" "4.0.1"

"lodash.merge@^4.3.0":
  "integrity" "sha512-0KpjqXRVvrYyCsX1swR/XTK0va6VQkQM6MNo7PqW77ByjAhoARA8EfrP1N4+KlKj8YS0ZUCtRT/YUuhyYDujIQ=="
  "resolved" "https://registry.npmjs.org/lodash.merge/-/lodash.merge-4.6.2.tgz"
  "version" "4.6.2"

"lodash.once@^4.0.0":
  "integrity" "sha1-DdOXEhPHxW34gJd9UEyI+0cal6w="
  "resolved" "https://registry.npmjs.org/lodash.once/-/lodash.once-4.1.1.tgz"
  "version" "4.1.1"

"lodash.reduce@^4.6.0":
  "integrity" "sha1-8atrg5KZrUj3hKu/R2WW8DuRTTs="
  "resolved" "https://registry.npmjs.org/lodash.reduce/-/lodash.reduce-4.6.0.tgz"
  "version" "4.6.0"

"macaddress@^0.5.1":
  "integrity" "sha512-cYYBbT3b84hTEHssWE6OmsuqF/NiLXE2RGK9Sc9SwwE9kMoKrbaUAJtKs6ucd0FFgZjXE1Wm3hoGEEYas0N6EA=="
  "resolved" "https://registry.npmjs.org/macaddress/-/macaddress-0.5.2.tgz"
  "version" "0.5.2"

"media-typer@0.3.0":
  "integrity" "sha1-hxDXrwqmJvj/+hzgAWhUUmMlV0g="
  "resolved" "https://registry.npmjs.org/media-typer/-/media-typer-0.3.0.tgz"
  "version" "0.3.0"

"merge-descriptors@1.0.1":
  "integrity" "sha1-sAqqVW3YtEVoFQ7J0blT8/kMu2E="
  "resolved" "https://registry.npmjs.org/merge-descriptors/-/merge-descriptors-1.0.1.tgz"
  "version" "1.0.1"

"methods@~1.1.2":
  "integrity" "sha1-VSmk1nZUE07cxSZmVoNbD4Ua/O4="
  "resolved" "https://registry.npmjs.org/methods/-/methods-1.1.2.tgz"
  "version" "1.1.2"

"mime-db@1.51.0":
  "integrity" "sha512-5y8A56jg7XVQx2mbv1lu49NR4dokRnhZYTtL+KGfaa27uq4pSTXkwQkFJl4pkRMyNFz/EtYDSkiiEHx3F7UN6g=="
  "resolved" "https://registry.npmjs.org/mime-db/-/mime-db-1.51.0.tgz"
  "version" "1.51.0"

"mime-types@~2.1.24":
  "integrity" "sha512-6cP692WwGIs9XXdOO4++N+7qjqv0rqxxVvJ3VHPh/Sc9mVZcQP+ZGhkKiTvWMQRr2tbHkJP/Yn7Y0npb3ZBs4A=="
  "resolved" "https://registry.npmjs.org/mime-types/-/mime-types-2.1.34.tgz"
  "version" "2.1.34"
  dependencies:
    "mime-db" "1.51.0"

"mime@1.6.0":
  "integrity" "sha512-x0Vn8spI+wuJ1O6S7gnbaQg8Pxh4NNHb7KSINmEWKiPE4RKOplvijn+NkmYmmRgP68mc70j2EbeTFRsrswaQeg=="
  "resolved" "https://registry.npmjs.org/mime/-/mime-1.6.0.tgz"
  "version" "1.6.0"

"minecraft-data@^2.0.0", "minecraft-data@^2.55.0", "minecraft-data@^2.61.0", "minecraft-data@^2.62.1", "minecraft-data@^2.73.1", "minecraft-data@^2.74.0", "minecraft-data@^2.75.0", "minecraft-data@^2.79.0", "minecraft-data@^2.95.0", "minecraft-data@^2.97.0", "minecraft-data@^2.98.0":
  "integrity" "sha512-MhcH2lIfCJDU8ZUO/NqLmqn8vi264b09L+B2Xgj64RPSNCPZF/Rr08KHSTddfozFGfadVTvZ2msFBGSuGPhHog=="
  "resolved" "https://registry.npmjs.org/minecraft-data/-/minecraft-data-2.100.1.tgz"
  "version" "2.100.1"

"minecraft-folder-path@^1.2.0":
  "integrity" "sha512-qaUSbKWoOsH9brn0JQuBhxNAzTDMwrOXorwuRxdJKKKDYvZhtml+6GVCUrY5HRiEsieBEjCUnhVpDuQiKsiFaw=="
  "resolved" "https://registry.npmjs.org/minecraft-folder-path/-/minecraft-folder-path-1.2.0.tgz"
  "version" "1.2.0"

"minecraft-protocol@^1.26.5":
  "integrity" "sha512-Zi/TAYyLQrGV8HjBAs2z4DnusezcVdgxEVZH0cxilOElI/xJuPZ7fwXhixHPvyJnuK3RPyCvwOUjhHX27tGcoA=="
  "resolved" "https://registry.npmjs.org/minecraft-protocol/-/minecraft-protocol-1.30.0.tgz"
  "version" "1.30.0"
  dependencies:
    "aes-js" "^3.1.2"
    "buffer-equal" "^1.0.0"
    "debug" "^4.3.2"
    "endian-toggle" "^0.0.0"
    "lodash.get" "^4.1.2"
    "lodash.merge" "^4.3.0"
    "minecraft-data" "^2.98.0"
    "minecraft-folder-path" "^1.2.0"
    "node-fetch" "^2.6.1"
    "node-rsa" "^0.4.2"
    "prismarine-auth" "^1.1.0"
    "prismarine-nbt" "^2.0.0"
    "protodef" "^1.8.0"
    "readable-stream" "^3.0.6"
    "uuid-1345" "^1.0.1"
    "yggdrasil" "^1.4.0"

"mineflayer-pathfinder@^1.0.5", "mineflayer-pathfinder@^1.8.0":
  "integrity" "sha512-PHNy0xwF4r2sIwf65o1/vqwVHB0FkUaCifn0f0shM8ddy+hwKxn7KjnNm1Kef1AK7kW7OTEykOA3ASJae0759Q=="
  "resolved" "https://registry.npmjs.org/mineflayer-pathfinder/-/mineflayer-pathfinder-1.8.0.tgz"
  "version" "1.8.0"
  dependencies:
    "minecraft-data" "^2.75.0"
    "prismarine-block" "^1.7.3"
    "prismarine-entity" "^1.1.0"
    "prismarine-item" "^1.5.0"
    "prismarine-nbt" "^1.4.0"
    "prismarine-physics" "^1.2.2"
    "vec3" "^0.1.7"

"mineflayer-statemachine@^1.6.4":
  "integrity" "sha512-Lat0hIKu0Qz1MONJTdyHM2rsOVEbEo4ZecS+6dsrAuE3Rx5l++LmTwG+4t2wqnJVznD8rgyLNpEvXm4v4o6dhA=="
  "resolved" "https://registry.npmjs.org/mineflayer-statemachine/-/mineflayer-statemachine-1.6.4.tgz"
  "version" "1.6.4"
  dependencies:
    "express" "^4.17.1"
    "minecraft-data" "^2.55.0"
    "mineflayer" "^3.0.0"
    "mineflayer-pathfinder" "^1.0.5"
    "node" "^15.0.1"
    "prismarine-block" "^1.5.1"
    "prismarine-entity" "^1.0.0"
    "prismarine-item" "^1.4.0"
    "socket.io" "^3.0.0"
    "vec3" "^0.1.5"

"mineflayer@^3.0.0", "mineflayer@^3.11.2":
  "integrity" "sha512-o+eEZN0W2dP/7LGQOBKHsktFR6AzNk/UmaQirh8O7YGvjEV9HODYI4cjWQvuxsN5x5TY8Ks0kXRG3R+OGgU94Q=="
  "resolved" "https://registry.npmjs.org/mineflayer/-/mineflayer-3.14.0.tgz"
  "version" "3.14.0"
  dependencies:
    "minecraft-data" "^2.95.0"
    "minecraft-protocol" "^1.26.5"
    "prismarine-biome" "^1.1.1"
    "prismarine-block" "^1.10.3"
    "prismarine-chat" "^1.3.3"
    "prismarine-chunk" "^1.26.0"
    "prismarine-entity" "^2.0.0"
    "prismarine-item" "^1.11.0"
    "prismarine-nbt" "^2.0.0"
    "prismarine-physics" "^1.3.1"
    "prismarine-recipe" "^1.1.0"
    "prismarine-windows" "^2.4.2"
    "prismarine-world" "^3.6.0"
    "protodef" "^1.14.0"
    "typed-emitter" "^1.3.1"
    "vec3" "^0.1.7"

"mojangson@^2.0.1":
  "integrity" "sha512-iGPRE1Ez+W+42Dt4Ao91c9VVs+FmuRUlAFDef76xRX3mbZrTNuezDtFI0PbfYqheg/B0fSiq0Q0V1emZNt37cw=="
  "resolved" "https://registry.npmjs.org/mojangson/-/mojangson-2.0.2.tgz"
  "version" "2.0.2"
  dependencies:
    "nearley" "^2.19.5"

"moo@^0.5.0":
  "integrity" "sha512-I1mnb5xn4fO80BH9BLcF0yLypy2UKl+Cb01Fu0hJRkJjlCRtxZMWkTdAtDd5ZqCOxtCkhmRwyI57vWT+1iZ67w=="
  "resolved" "https://registry.npmjs.org/moo/-/moo-0.5.1.tgz"
  "version" "0.5.1"

"ms@^2.1.1", "ms@2.1.3":
  "integrity" "sha512-6FlzubTLZG3J2a/NVCAleEhjzq5oxgHyaCU9yYXvcLsvoVaHJq/s5xXI6/XXP6tz7R9xAOtHnSO/tXtF3WRTlA=="
  "resolved" "https://registry.npmjs.org/ms/-/ms-2.1.3.tgz"
  "version" "2.1.3"

"ms@2.0.0":
  "integrity" "sha1-VgiurfwAvmwpAd9fmGF4jeDVl8g="
  "resolved" "https://registry.npmjs.org/ms/-/ms-2.0.0.tgz"
  "version" "2.0.0"

"ms@2.1.2":
  "integrity" "sha512-sGkPx+VjMtmA6MX27oA4FBFELFCZZ4S4XqeGOXCv68tT+jb3vk/RyaKWP0PTKyWtmLSM0b+adUTEvbs1PEaH2w=="
  "resolved" "https://registry.npmjs.org/ms/-/ms-2.1.2.tgz"
  "version" "2.1.2"

"nearley@^2.19.5":
  "integrity" "sha512-+Mc8UaAebFzgV+KpI5n7DasuuQCHA89dmwm7JXw3TV43ukfNQ9DnBH3Mdb2g/I4Fdxc26pwimBWvjIw0UAILSQ=="
  "resolved" "https://registry.npmjs.org/nearley/-/nearley-2.20.1.tgz"
  "version" "2.20.1"
  dependencies:
    "commander" "^2.19.0"
    "moo" "^0.5.0"
    "railroad-diagrams" "^1.0.0"
    "randexp" "0.4.6"

"negotiator@0.6.2":
  "integrity" "sha512-hZXc7K2e+PgeI1eDBe/10Ard4ekbfrrqG8Ep+8Jmf4JID2bNg7NvCPOZN+kfF574pFQI7mum2AUqDidoKqcTOw=="
  "resolved" "https://registry.npmjs.org/negotiator/-/negotiator-0.6.2.tgz"
  "version" "0.6.2"

"node-bin-setup@^1.0.0":
  "integrity" "sha512-uPIxXNis1CRbv1DwqAxkgBk5NFV3s7cMN/Gf556jSw6jBvV7ca4F9lRL/8cALcZecRibeqU+5dFYqFFmzv5a0Q=="
  "resolved" "https://registry.npmjs.org/node-bin-setup/-/node-bin-setup-1.0.6.tgz"
  "version" "1.0.6"

"node-fetch@^2.6.1":
  "integrity" "sha512-Z8/6vRlTUChSdIgMa51jxQ4lrw/Jy5SOW10ObaA47/RElsAN2c5Pn8bTgFGWn/ibwzXTE8qwr1Yzx28vsecXEA=="
  "resolved" "https://registry.npmjs.org/node-fetch/-/node-fetch-2.6.6.tgz"
  "version" "2.6.6"
  dependencies:
    "whatwg-url" "^5.0.0"

"node-rsa@^0.4.2":
  "integrity" "sha1-1jkXKewWqDDtWjgEKzFX0tXXJTA="
  "resolved" "https://registry.npmjs.org/node-rsa/-/node-rsa-0.4.2.tgz"
  "version" "0.4.2"
  dependencies:
    "asn1" "0.2.3"

"node@^15.0.1":
  "integrity" "sha512-svKWxg++g9+ddISNEdh/Mw1XXEnhMkgL4vgsztO3+QtneathEVYAFUPzXvW/d37vk+mZSdcoIsLgMLAOaO+Vvg=="
  "resolved" "https://registry.npmjs.org/node/-/node-15.14.0.tgz"
  "version" "15.14.0"
  dependencies:
    "node-bin-setup" "^1.0.0"

"object-assign@^4":
  "integrity" "sha1-IQmtx5ZYh8/AXLvUQsrIv7s2CGM="
  "resolved" "https://registry.npmjs.org/object-assign/-/object-assign-4.1.1.tgz"
  "version" "4.1.1"

"on-finished@~2.3.0":
  "integrity" "sha1-IPEzZIGwg811M3mSoWlxqi2QaUc="
  "resolved" "https://registry.npmjs.org/on-finished/-/on-finished-2.3.0.tgz"
  "version" "2.3.0"
  dependencies:
    "ee-first" "1.1.1"

"parseurl@~1.3.3":
  "integrity" "sha512-CiyeOxFT/JZyN5m0z9PfXw4SCBJ6Sygz1Dpl0wqjlhDEGGBP1GnsUVEL0p63hoG1fcj3fHynXi9NYO4nWOL+qQ=="
  "resolved" "https://registry.npmjs.org/parseurl/-/parseurl-1.3.3.tgz"
  "version" "1.3.3"

"path-to-regexp@0.1.7":
  "integrity" "sha1-32BBeABfUi8V60SQ5yR6G/qmf4w="
  "resolved" "https://registry.npmjs.org/path-to-regexp/-/path-to-regexp-0.1.7.tgz"
  "version" "0.1.7"

"prismarine-auth@^1.1.0":
  "integrity" "sha512-IyFz+TWkngtRPs19MWP/7dYU1vheiASoil5d7amvIXhbK4zWb/w7uGcwLvOO0fwX9qw5hCt/JKimPrRcw8La0w=="
  "resolved" "https://registry.npmjs.org/prismarine-auth/-/prismarine-auth-1.4.1.tgz"
  "version" "1.4.1"
  dependencies:
    "@azure/msal-node" "^1.1.0"
    "@xboxreplay/xboxlive-auth" "^3.3.3"
    "jose" "^4.1.4"
    "node-fetch" "^2.6.1"
    "smart-buffer" "^4.1.0"
    "uuid-1345" "^1.0.2"

"prismarine-biome@^1.1.0", "prismarine-biome@^1.1.1":
  "integrity" "sha512-JkX1CcIDR538j5Qj3pbLCTB2LsGukNOudWbk4niQ93a3fItLVJkPnY9H3/uxpVz2PIQxhmaAXVRaYWj6M9C2Bw=="
  "resolved" "https://registry.npmjs.org/prismarine-biome/-/prismarine-biome-1.1.1.tgz"
  "version" "1.1.1"

"prismarine-block@^1.10.3", "prismarine-block@^1.2.0", "prismarine-block@^1.5.1", "prismarine-block@^1.7.3":
  "integrity" "sha512-RFJiXmzGwmNPGeUkNSzxAGRcWkIrtQOVT4j0KcBjol3ae117DgTZKmJqqqbW78ip6lAmwjwy6s6cyiiDxzEKYA=="
  "resolved" "https://registry.npmjs.org/prismarine-block/-/prismarine-block-1.10.3.tgz"
  "version" "1.10.3"
  dependencies:
    "prismarine-biome" "^1.1.0"
    "prismarine-item" "^1.10.1"

"prismarine-chat@^1.3.3", "prismarine-chat@^1.4.1":
  "integrity" "sha512-rdztHiG5qJngU3O3beNiO+7JZGtZMIrzZAYVUcMK4/l7RV1A6wT3ifFpMwMHc1u2b7z6sRHELwFw5q63jEppeA=="
  "resolved" "https://registry.npmjs.org/prismarine-chat/-/prismarine-chat-1.5.0.tgz"
  "version" "1.5.0"
  dependencies:
    "minecraft-data" "^2.62.1"
    "mojangson" "^2.0.1"
    "prismarine-item" "^1.10.0"
    "prismarine-nbt" "^2.0.0"
    "sprintf-js" "^1.1.2"

"prismarine-chunk@^1.26.0":
  "integrity" "sha512-BRObPaV4Lg0g735jaj97MT0BRzYOSggumkEPT1OkX/INvpTD75IKqRKzlT1P9jjxPTnXkoqsA6Mo6o9y4Tlo/w=="
  "resolved" "https://registry.npmjs.org/prismarine-chunk/-/prismarine-chunk-1.26.0.tgz"
  "version" "1.26.0"
  dependencies:
    "minecraft-data" "^2.61.0"
    "prismarine-block" "^1.2.0"
    "smart-buffer" "^4.1.0"
    "uint4" "^0.1.2"
    "vec3" "^0.1.3"

"prismarine-entity@^1.0.0", "prismarine-entity@^1.1.0", "prismarine-entity@^1.2.0":
  "integrity" "sha512-4dQ9LYl6HDJQrwZHjSKU4D5VNyHRnfrjcw7eVLlbRPkuR50utW5mmfPi4ys9U7tHNmGWHC/cwjH9xzT75LUovQ=="
  "resolved" "https://registry.npmjs.org/prismarine-entity/-/prismarine-entity-1.2.0.tgz"
  "version" "1.2.0"
  dependencies:
    "vec3" "^0.1.4"

"prismarine-entity@^2.0.0":
  "integrity" "sha512-6TPldMDiUhK8drNHKVW5783IHkkgHQWQwPO9NPRUXyZNKYzhqLKeTxOAsmtcR9mjTORbrILzJUyB0qZgSyfOrA=="
  "resolved" "https://registry.npmjs.org/prismarine-entity/-/prismarine-entity-2.0.0.tgz"
  "version" "2.0.0"
  dependencies:
    "prismarine-chat" "^1.4.1"
    "vec3" "^0.1.4"

"prismarine-item@^1.10.0", "prismarine-item@^1.10.1", "prismarine-item@^1.11.0", "prismarine-item@^1.11.1", "prismarine-item@^1.4.0", "prismarine-item@^1.5.0":
  "integrity" "sha512-XSH17qurwgY0+Oez4k1FQAWjLrA0kLwssv1eQl93ghigVY7jOz+Z1IbeJOBw95SZZoQQooJXlftgwNjpvOX8aw=="
  "resolved" "https://registry.npmjs.org/prismarine-item/-/prismarine-item-1.11.1.tgz"
  "version" "1.11.1"
  dependencies:
    "prismarine-nbt" "^1.4.0"

"prismarine-nbt@^1.4.0":
  "integrity" "sha512-h0ECvIjjwjMOtsmHxHc8hNY7kzktnKqKXmOHF0AkmH7OjkcHNAFsWRiZNvfc76rOhNonRutHvTVAlh/eLtK0oA=="
  "resolved" "https://registry.npmjs.org/prismarine-nbt/-/prismarine-nbt-1.6.0.tgz"
  "version" "1.6.0"
  dependencies:
    "protodef" "^1.9.0"

"prismarine-nbt@^2.0.0":
  "integrity" "sha512-Q+HzmnW5BhiIGk++vJbRIr5ekSt51uLLEzBA4a0Bt+/6Ohh2xIL9O/i3v9vMSo0WcnyjGm1HA/wS4+zDKrLUKQ=="
  "resolved" "https://registry.npmjs.org/prismarine-nbt/-/prismarine-nbt-2.0.0.tgz"
  "version" "2.0.0"
  dependencies:
    "protodef" "^1.9.0"

"prismarine-physics@^1.2.2", "prismarine-physics@^1.3.1":
  "integrity" "sha512-K8aT/Nq0GvDyGsohv2dRugpPMBgZwVpdTURb8/Mh8Br3fOFsn/IJ81zcOJEK2IulTuvuho3vzYM6ayQm7ibUFQ=="
  "resolved" "https://registry.npmjs.org/prismarine-physics/-/prismarine-physics-1.3.1.tgz"
  "version" "1.3.1"
  dependencies:
    "minecraft-data" "^2.73.1"
    "prismarine-nbt" "^1.4.0"
    "vec3" "^0.1.7"

"prismarine-recipe@^1.1.0":
  "integrity" "sha512-eFmriEWoe6S6OSVbOJnsXpaBuzeIzjaGymDUTCtrOu80734NWKI7outdLI6R2ztJ+f2PFIkFmpkazAdScStGNA=="
  "resolved" "https://registry.npmjs.org/prismarine-recipe/-/prismarine-recipe-1.1.0.tgz"
  "version" "1.1.0"

"prismarine-windows@^2.4.2":
  "integrity" "sha512-cwY8Pw8LcfWmTMlxg88hwj4JbEqqKivuwbWnu/jy9Qd6dPI80AtLBSrxsdVkJ9siy2imc1xP5vs+RxInzZo+TA=="
  "resolved" "https://registry.npmjs.org/prismarine-windows/-/prismarine-windows-2.4.3.tgz"
  "version" "2.4.3"
  dependencies:
    "minecraft-data" "^2.74.0"
    "prismarine-item" "^1.5.0"

"prismarine-world@^3.6.0":
  "integrity" "sha512-rAudKWNOfiDrDaBlXx9/5B4CO/kc5G1RBq3GFAu1ov6GwUq8Ib8KXYeHPsoJwN3tfVDuFaJjncgsShqdoSmP0w=="
  "resolved" "https://registry.npmjs.org/prismarine-world/-/prismarine-world-3.6.0.tgz"
  "version" "3.6.0"
  dependencies:
    "vec3" "^0.1.7"

"protodef-validator@^1.3.0":
  "integrity" "sha512-lZ5FWKZYR9xOjpMw1+EfZRfCjzNRQWPq+Dk+jki47Sikl2EeWEPnTfnJERwnU/EwFq6us+0zqHHzSsmLeYX+Lg=="
  "resolved" "https://registry.npmjs.org/protodef-validator/-/protodef-validator-1.3.1.tgz"
  "version" "1.3.1"
  dependencies:
    "ajv" "^6.5.4"

"protodef@^1.14.0", "protodef@^1.8.0", "protodef@^1.9.0":
  "integrity" "sha512-rL1WRlBC8LbAgBTa401eHMqnkX6zy1pHgS4kTSJVJ8rwP/AgVuWijGE3S3XHRkRjB/+4U1jMTqRdmtGdIqVOKQ=="
  "resolved" "https://registry.npmjs.org/protodef/-/protodef-1.14.0.tgz"
  "version" "1.14.0"
  dependencies:
    "lodash.get" "^4.4.2"
    "lodash.reduce" "^4.6.0"
    "protodef-validator" "^1.3.0"
    "readable-stream" "^3.0.3"

"proxy-addr@~2.0.7":
  "integrity" "sha512-llQsMLSUDUPT44jdrU/O37qlnifitDP+ZwrmmZcoSKyLKvtZxpyV0n2/bD/N4tBAAZ/gJEdZU7KMraoK1+XYAg=="
  "resolved" "https://registry.npmjs.org/proxy-addr/-/proxy-addr-2.0.7.tgz"
  "version" "2.0.7"
  dependencies:
    "forwarded" "0.2.0"
    "ipaddr.js" "1.9.1"

"punycode@^2.1.0":
  "integrity" "sha512-XRsRjdf+j5ml+y/6GKHPZbrF/8p2Yga0JPtdqTIY2Xe5ohJPD9saDJJLPvp9+NSBprVvevdXZybnj2cv8OEd0A=="
  "resolved" "https://registry.npmjs.org/punycode/-/punycode-2.1.1.tgz"
  "version" "2.1.1"

"qs@6.9.6":
  "integrity" "sha512-TIRk4aqYLNoJUbd+g2lEdz5kLWIuTMRagAXxl78Q0RiVjAOugHmeKNGdd3cwo/ktpf9aL9epCfFqWDEKysUlLQ=="
  "resolved" "https://registry.npmjs.org/qs/-/qs-6.9.6.tgz"
  "version" "6.9.6"

"railroad-diagrams@^1.0.0":
  "integrity" "sha1-635iZ1SN3t+4mcG5Dlc3RVnN234="
  "resolved" "https://registry.npmjs.org/railroad-diagrams/-/railroad-diagrams-1.0.0.tgz"
  "version" "1.0.0"

"randexp@0.4.6":
  "integrity" "sha512-80WNmd9DA0tmZrw9qQa62GPPWfuXJknrmVmLcxvq4uZBdYqb1wYoKTmnlGUchvVWe0XiLupYkBoXVOxz3C8DYQ=="
  "resolved" "https://registry.npmjs.org/randexp/-/randexp-0.4.6.tgz"
  "version" "0.4.6"
  dependencies:
    "discontinuous-range" "1.0.0"
    "ret" "~0.1.10"

"range-parser@~1.2.1":
  "integrity" "sha512-Hrgsx+orqoygnmhFbKaHE6c296J+HTAQXoxEF6gNupROmmGJRoyzfG3ccAveqCBrwr/2yxQ5BVd/GTl5agOwSg=="
  "resolved" "https://registry.npmjs.org/range-parser/-/range-parser-1.2.1.tgz"
  "version" "1.2.1"

"raw-body@2.4.2":
  "integrity" "sha512-RPMAFUJP19WIet/99ngh6Iv8fzAbqum4Li7AD6DtGaW2RpMB/11xDoalPiJMTbu6I3hkbMVkATvZrqb9EEqeeQ=="
  "resolved" "https://registry.npmjs.org/raw-body/-/raw-body-2.4.2.tgz"
  "version" "2.4.2"
  dependencies:
    "bytes" "3.1.1"
    "http-errors" "1.8.1"
    "iconv-lite" "0.4.24"
    "unpipe" "1.0.0"

"readable-stream@^3.0.3", "readable-stream@^3.0.6":
  "integrity" "sha512-BViHy7LKeTz4oNnkcLJ+lVSL6vpiFeX6/d3oSH8zCW7UxP2onchk+vTGB143xuFjHS3deTgkKoXXymXqymiIdA=="
  "resolved" "https://registry.npmjs.org/readable-stream/-/readable-stream-3.6.0.tgz"
  "version" "3.6.0"
  dependencies:
    "inherits" "^2.0.3"
    "string_decoder" "^1.1.1"
    "util-deprecate" "^1.0.1"

"readline@^1.3.0":
  "integrity" "sha1-xYDXfvLPyHUrEySYBg3JeTp6wBw="
  "resolved" "https://registry.npmjs.org/readline/-/readline-1.3.0.tgz"
  "version" "1.3.0"

"ret@~0.1.10":
  "integrity" "sha512-TTlYpa+OL+vMMNG24xSlQGEJ3B/RzEfUlLct7b5G/ytav+wPrplCpVMFuwzXbkecJrb6IYo1iFb0S9v37754mg=="
  "resolved" "https://registry.npmjs.org/ret/-/ret-0.1.15.tgz"
  "version" "0.1.15"

"safe-buffer@^5.0.1", "safe-buffer@~5.2.0", "safe-buffer@5.2.1":
  "integrity" "sha512-rp3So07KcdmmKbGvgaNxQSJr7bGVSVk5S9Eq1F+ppbRo70+YeaDxkw5Dd8NPN+GD6bjnYm2VuPuCXmpuYvmCXQ=="
  "resolved" "https://registry.npmjs.org/safe-buffer/-/safe-buffer-5.2.1.tgz"
  "version" "5.2.1"

"safer-buffer@>= 2.1.2 < 3":
  "integrity" "sha512-YZo3K82SD7Riyi0E1EQPojLz7kpepnSQI9IyPbHHg1XXXevb5dJI7tpyN2ADxGcQbHG7vcyRHk0cbwqcQriUtg=="
  "resolved" "https://registry.npmjs.org/safer-buffer/-/safer-buffer-2.1.2.tgz"
  "version" "2.1.2"

"semver@^5.6.0":
  "integrity" "sha512-sauaDf/PZdVgrLTNYHRtpXa1iRiKcaebiKQ1BJdpQlWH2lCvexQdX55snPFyK7QzpudqbCI0qXFfOasHdyNDGQ=="
  "resolved" "https://registry.npmjs.org/semver/-/semver-5.7.1.tgz"
  "version" "5.7.1"

"send@0.17.2":
  "integrity" "sha512-UJYB6wFSJE3G00nEivR5rgWp8c2xXvJ3OPWPhmuteU0IKj8nKbG3DrjiOmLwpnHGYWAVwA69zmTm++YG0Hmwww=="
  "resolved" "https://registry.npmjs.org/send/-/send-0.17.2.tgz"
  "version" "0.17.2"
  dependencies:
    "debug" "2.6.9"
    "depd" "~1.1.2"
    "destroy" "~1.0.4"
    "encodeurl" "~1.0.2"
    "escape-html" "~1.0.3"
    "etag" "~1.8.1"
    "fresh" "0.5.2"
    "http-errors" "1.8.1"
    "mime" "1.6.0"
    "ms" "2.1.3"
    "on-finished" "~2.3.0"
    "range-parser" "~1.2.1"
    "statuses" "~1.5.0"

"serve-static@1.14.2":
  "integrity" "sha512-+TMNA9AFxUEGuC0z2mevogSnn9MXKb4fa7ngeRMJaaGv8vTwnIEkKi+QGvPt33HSnf8pRS+WGM0EbMtCJLKMBQ=="
  "resolved" "https://registry.npmjs.org/serve-static/-/serve-static-1.14.2.tgz"
  "version" "1.14.2"
  dependencies:
    "encodeurl" "~1.0.2"
    "escape-html" "~1.0.3"
    "parseurl" "~1.3.3"
    "send" "0.17.2"

"setprototypeof@1.2.0":
  "integrity" "sha512-E5LDX7Wrp85Kil5bhZv46j8jOeboKq5JMmYM3gVGdGH8xFpPWXUMsNrlODCrkoxMEeNi/XZIwuRvY4XNwYMJpw=="
  "resolved" "https://registry.npmjs.org/setprototypeof/-/setprototypeof-1.2.0.tgz"
  "version" "1.2.0"

"smart-buffer@^4.1.0":
  "integrity" "sha512-94hK0Hh8rPqQl2xXc3HsaBoOXKV20MToPkcXvwbISWLEs+64sBq5kFgn2kJDHb1Pry9yrP0dxrCI9RRci7RXKg=="
  "resolved" "https://registry.npmjs.org/smart-buffer/-/smart-buffer-4.2.0.tgz"
  "version" "4.2.0"

"socket.io-adapter@~2.1.0":
  "integrity" "sha512-+vDov/aTsLjViYTwS9fPy5pEtTkrbEKsw2M+oVSoFGw6OD1IpvlV1VPhUzNbofCQ8oyMbdYJqDtGdmHQK6TdPg=="
  "resolved" "https://registry.npmjs.org/socket.io-adapter/-/socket.io-adapter-2.1.0.tgz"
  "version" "2.1.0"

"socket.io-parser@~4.0.3":
  "integrity" "sha512-t+b0SS+IxG7Rxzda2EVvyBZbvFPBCjJoyHuE0P//7OAsN23GItzDRdWa6ALxZI/8R5ygK7jAR6t028/z+7295g=="
  "resolved" "https://registry.npmjs.org/socket.io-parser/-/socket.io-parser-4.0.4.tgz"
  "version" "4.0.4"
  dependencies:
    "@types/component-emitter" "^1.2.10"
    "component-emitter" "~1.3.0"
    "debug" "~4.3.1"

"socket.io@^3.0.0":
  "integrity" "sha512-JubKZnTQ4Z8G4IZWtaAZSiRP3I/inpy8c/Bsx2jrwGrTbKeVU5xd6qkKMHpChYeM3dWZSO0QACiGK+obhBNwYw=="
  "resolved" "https://registry.npmjs.org/socket.io/-/socket.io-3.1.2.tgz"
  "version" "3.1.2"
  dependencies:
    "@types/cookie" "^0.4.0"
    "@types/cors" "^2.8.8"
    "@types/node" ">=10.0.0"
    "accepts" "~1.3.4"
    "base64id" "~2.0.0"
    "debug" "~4.3.1"
    "engine.io" "~4.1.0"
    "socket.io-adapter" "~2.1.0"
    "socket.io-parser" "~4.0.3"

"sprintf-js@^1.1.2":
  "integrity" "sha512-VE0SOVEHCk7Qc8ulkWw3ntAzXuqf7S2lvwQaDLRnUeIEaKNQJzV6BwmLKhOqT61aGhfUMrXeaBk+oDGCzvhcug=="
  "resolved" "https://registry.npmjs.org/sprintf-js/-/sprintf-js-1.1.2.tgz"
  "version" "1.1.2"

"statuses@>= 1.5.0 < 2", "statuses@~1.5.0":
  "integrity" "sha1-Fhx9rBd2Wf2YEfQ3cfqZOBR4Yow="
  "resolved" "https://registry.npmjs.org/statuses/-/statuses-1.5.0.tgz"
  "version" "1.5.0"

"string_decoder@^1.1.1":
  "integrity" "sha512-hkRX8U1WjJFd8LsDJ2yQ/wWWxaopEsABU1XfkM8A+j0+85JAGppt16cr1Whg6KIbb4okU6Mql6BOj+uup/wKeA=="
  "resolved" "https://registry.npmjs.org/string_decoder/-/string_decoder-1.3.0.tgz"
  "version" "1.3.0"
  dependencies:
    "safe-buffer" "~5.2.0"

"toidentifier@1.0.1":
  "integrity" "sha512-o5sSPKEkg/DIQNmH43V0/uerLrpzVedkUh8tGNvaeXpfpuwjKenlSox/2O/BTlZUtEe+JG7s5YhEz608PlAHRA=="
  "resolved" "https://registry.npmjs.org/toidentifier/-/toidentifier-1.0.1.tgz"
  "version" "1.0.1"

"tr46@~0.0.3":
  "integrity" "sha1-gYT9NH2snNwYWZLzpmIuFLnZq2o="
  "resolved" "https://registry.npmjs.org/tr46/-/tr46-0.0.3.tgz"
  "version" "0.0.3"

"type-is@~1.6.18":
  "integrity" "sha512-TkRKr9sUTxEH8MdfuCSP7VizJyzRNMjj2J2do2Jr3Kym598JVdEksuzPQCnlFPW4ky9Q+iA+ma9BGm06XQBy8g=="
  "resolved" "https://registry.npmjs.org/type-is/-/type-is-1.6.18.tgz"
  "version" "1.6.18"
  dependencies:
    "media-typer" "0.3.0"
    "mime-types" "~2.1.24"

"typed-emitter@^1.3.1":
  "integrity" "sha512-weBmoo3HhpKGgLBOYwe8EB31CzDFuaK7CCL+axXhUYhn4jo6DSkHnbefboCF5i4DQ2aMFe0C/FdTWcPdObgHyg=="
  "resolved" "https://registry.npmjs.org/typed-emitter/-/typed-emitter-1.4.0.tgz"
  "version" "1.4.0"

"typescript@^4.5.2":
  "integrity" "sha512-VgYs2A2QIRuGphtzFV7aQJduJ2gyfTljngLzjpfW9FoYZF6xuw1W0vW9ghCKLfcWrCFxK81CSGRAvS1pn4fIUg=="
  "resolved" "https://registry.npmjs.org/typescript/-/typescript-4.5.4.tgz"
  "version" "4.5.4"

"uint4@^0.1.2":
  "integrity" "sha1-UMWuBLhdKBKPLfPMDsxNQavC9oE="
  "resolved" "https://registry.npmjs.org/uint4/-/uint4-0.1.2.tgz"
  "version" "0.1.2"

"unpipe@~1.0.0", "unpipe@1.0.0":
  "integrity" "sha1-sr9O6FFKrmFltIF4KdIbLvSZBOw="
  "resolved" "https://registry.npmjs.org/unpipe/-/unpipe-1.0.0.tgz"
  "version" "1.0.0"

"uri-js@^4.2.2":
  "integrity" "sha512-7rKUyy33Q1yc98pQ1DAmLtwX109F7TIfWlW1Ydo8Wl1ii1SeHieeh0HHfPeL2fMXK6z0s8ecKs9frCuLJvndBg=="
  "resolved" "https://registry.npmjs.org/uri-js/-/uri-js-4.4.1.tgz"
  "version" "4.4.1"
  dependencies:
    "punycode" "^2.1.0"

"util-deprecate@^1.0.1":
  "integrity" "sha1-RQ1Nyfpw3nMnYvvS1KKJgUGaDM8="
  "resolved" "https://registry.npmjs.org/util-deprecate/-/util-deprecate-1.0.2.tgz"
  "version" "1.0.2"

"utils-merge@1.0.1":
  "integrity" "sha1-n5VxD1CiZ5R7LMwSR0HBAoQn5xM="
  "resolved" "https://registry.npmjs.org/utils-merge/-/utils-merge-1.0.1.tgz"
  "version" "1.0.1"

"uuid-1345@^1.0.1", "uuid-1345@^1.0.2":
  "integrity" "sha512-bA5zYZui+3nwAc0s3VdGQGBfbVsJLVX7Np7ch2aqcEWFi5lsAEcmO3+lx3djM1npgpZI8KY2FITZ2uYTnYUYyw=="
  "resolved" "https://registry.npmjs.org/uuid-1345/-/uuid-1345-1.0.2.tgz"
  "version" "1.0.2"
  dependencies:
    "macaddress" "^0.5.1"

"uuid@^8.2.0", "uuid@^8.3.0":
  "integrity" "sha512-+NYs2QeMWy+GWFOEm9xnn6HCDp0l7QBD7ml8zLUmJ+93Q5NF0NocErnwkTkXVFNiX3/fpC6afS8Dhb/gz7R7eg=="
  "resolved" "https://registry.npmjs.org/uuid/-/uuid-8.3.2.tgz"
  "version" "8.3.2"

"vary@^1", "vary@~1.1.2":
  "integrity" "sha1-IpnwLG3tMNSllhsLn3RSShj2NPw="
  "resolved" "https://registry.npmjs.org/vary/-/vary-1.1.2.tgz"
  "version" "1.1.2"

"vec3@^0.1.3", "vec3@^0.1.4", "vec3@^0.1.5", "vec3@^0.1.7":
  "integrity" "sha512-EZSeXBL+L3go2wWwtQQse4fEcNGIQjT14qvi4LYVj1ifZt/J5XZ1QZqkDuOVVH07YwTEIFbsAv3pzwUpF7x9Wg=="
  "resolved" "https://registry.npmjs.org/vec3/-/vec3-0.1.7.tgz"
  "version" "0.1.7"

"webidl-conversions@^3.0.0":
  "integrity" "sha1-JFNCdeKnvGvnvIZhHMFq4KVlSHE="
  "resolved" "https://registry.npmjs.org/webidl-conversions/-/webidl-conversions-3.0.1.tgz"
  "version" "3.0.1"

"whatwg-url@^5.0.0":
  "integrity" "sha1-lmRU6HZUYuN2RNNib2dCzotwll0="
  "resolved" "https://registry.npmjs.org/whatwg-url/-/whatwg-url-5.0.0.tgz"
  "version" "5.0.0"
  dependencies:
    "tr46" "~0.0.3"
    "webidl-conversions" "^3.0.0"

"ws@~7.4.2":
  "integrity" "sha512-YmhHDO4MzaDLB+M9ym/mDA5z0naX8j7SIlT8f8z+I0VtzsRbekxEutHSme7NPS2qE8StCYQNUnfWdXta/Yu85A=="
  "resolved" "https://registry.npmjs.org/ws/-/ws-7.4.6.tgz"
  "version" "7.4.6"

"yggdrasil@^1.4.0":
  "integrity" "sha512-6rUJ0A7YNVNd1K+8EvmVUc+l8CbhW7VKnN747BrC+YCukZj9C5rNsGxIZGf4MwxMHFDy/YNY++Gqf0VUxKy2ww=="
  "resolved" "https://registry.npmjs.org/yggdrasil/-/yggdrasil-1.6.1.tgz"
  "version" "1.6.1"
  dependencies:
    "node-fetch" "^2.6.1"
    "uuid" "^8.2.0"
